// !$*UTF8*$!
{
	archiveVersion = 1;
	classes = {
	};
	objectVersion = 46;
	objects = {

/* Begin PBXBuildFile section */
		77F13147198EEE0000576708 /* RSDatePickerVC.m in Sources */ = {isa = PBXBuildFile; fileRef = 77F13146198EEE0000576708 /* RSDatePickerVC.m */; };
		77FD41C51993EEF20017E8D5 /* GymBudEventModel.m in Sources */ = {isa = PBXBuildFile; fileRef = 77FD41C41993EEF20017E8D5 /* GymBudEventModel.m */; };
		77FE647B198EF296008724CC /* Social.framework in Frameworks */ = {isa = PBXBuildFile; fileRef = 77FE647A198EF296008724CC /* Social.framework */; };
		77FE6480198F4FE1008724CC /* GoActivityCVC.m in Sources */ = {isa = PBXBuildFile; fileRef = 77FE647F198F4FE1008724CC /* GoActivityCVC.m */; };
		77FE6483198F5D36008724CC /* GoActivity.storyboard in Resources */ = {isa = PBXBuildFile; fileRef = 77FE6482198F5D36008724CC /* GoActivity.storyboard */; };
		77FE6487198F715C008724CC /* GoActivityCVCell.m in Sources */ = {isa = PBXBuildFile; fileRef = 77FE6486198F715C008724CC /* GoActivityCVCell.m */; };
		77FE648B199051E8008724CC /* GoActivityCVCell.xib in Resources */ = {isa = PBXBuildFile; fileRef = 77FE648A199051E8008724CC /* GoActivityCVCell.xib */; };
		77FE648E1990545A008724CC /* GoActivityChosenVC.m in Sources */ = {isa = PBXBuildFile; fileRef = 77FE648D1990545A008724CC /* GoActivityChosenVC.m */; };
		77FE64911990A924008724CC /* GoActivityCreateEventVC.m in Sources */ = {isa = PBXBuildFile; fileRef = 77FE64901990A924008724CC /* GoActivityCreateEventVC.m */; };
		B2011D1119C8019300D65275 /* FilterStoryboard.storyboard in Resources */ = {isa = PBXBuildFile; fileRef = B2011D1019C8019300D65275 /* FilterStoryboard.storyboard */; };
		B2011D1419C91C3500D65275 /* GBEventsFilterViewController.m in Sources */ = {isa = PBXBuildFile; fileRef = B2011D1319C91C3500D65275 /* GBEventsFilterViewController.m */; };
		B2081ECC1A0D4E5A00D18F9B /* MessageUI.framework in Frameworks */ = {isa = PBXBuildFile; fileRef = B2081ECB1A0D4E5A00D18F9B /* MessageUI.framework */; };
		B21086C51A16739E0057EC6A /* EPTVC.m in Sources */ = {isa = PBXBuildFile; fileRef = B21086C41A16739E0057EC6A /* EPTVC.m */; };
		B2722DD919AD832900FEC2AF /* GymBudEventsTVC.m in Sources */ = {isa = PBXBuildFile; fileRef = B2722DD819AD832900FEC2AF /* GymBudEventsTVC.m */; };
		B2722DE219AD86F800FEC2AF /* GymBudEventsCell.m in Sources */ = {isa = PBXBuildFile; fileRef = B2722DE019AD86F800FEC2AF /* GymBudEventsCell.m */; };
		B2722DE319AD86F800FEC2AF /* GymBudEventsCell.xib in Resources */ = {isa = PBXBuildFile; fileRef = B2722DE119AD86F800FEC2AF /* GymBudEventsCell.xib */; };
		B2784D8719B14F620042A188 /* loadingLogo.png in Resources */ = {isa = PBXBuildFile; fileRef = B2784D8619B14F620042A188 /* loadingLogo.png */; };
		B2784D8A19B17AF00042A188 /* go.png in Resources */ = {isa = PBXBuildFile; fileRef = B2784D8819B17AF00042A188 /* go.png */; };
		B2784D8B19B17AF00042A188 /* join.png in Resources */ = {isa = PBXBuildFile; fileRef = B2784D8919B17AF00042A188 /* join.png */; };
		B2784D9519B18D010042A188 /* load1.png in Resources */ = {isa = PBXBuildFile; fileRef = B2784D8C19B18D010042A188 /* load1.png */; };
		B2784D9619B18D010042A188 /* load2.png in Resources */ = {isa = PBXBuildFile; fileRef = B2784D8D19B18D010042A188 /* load2.png */; };
		B2784D9719B18D010042A188 /* load3.png in Resources */ = {isa = PBXBuildFile; fileRef = B2784D8E19B18D010042A188 /* load3.png */; };
		B2784D9819B18D010042A188 /* load4.png in Resources */ = {isa = PBXBuildFile; fileRef = B2784D8F19B18D010042A188 /* load4.png */; };
		B2784D9919B18D010042A188 /* load5.png in Resources */ = {isa = PBXBuildFile; fileRef = B2784D9019B18D010042A188 /* load5.png */; };
		B2784D9A19B18D010042A188 /* load6.png in Resources */ = {isa = PBXBuildFile; fileRef = B2784D9119B18D010042A188 /* load6.png */; };
		B2784D9B19B18D010042A188 /* load7.png in Resources */ = {isa = PBXBuildFile; fileRef = B2784D9219B18D010042A188 /* load7.png */; };
		B2784D9C19B18D010042A188 /* load8.png in Resources */ = {isa = PBXBuildFile; fileRef = B2784D9319B18D010042A188 /* load8.png */; };
		B2784D9D19B18D010042A188 /* load9.png in Resources */ = {isa = PBXBuildFile; fileRef = B2784D9419B18D010042A188 /* load9.png */; };
		B2784DA019B2B34E0042A188 /* GBBodyPartCVC.m in Sources */ = {isa = PBXBuildFile; fileRef = B2784D9F19B2B34E0042A188 /* GBBodyPartCVC.m */; };
		B2784DA619B412AB0042A188 /* abs.png in Resources */ = {isa = PBXBuildFile; fileRef = B2784DA119B412AB0042A188 /* abs.png */; };
		B2784DA719B412AB0042A188 /* arms.png in Resources */ = {isa = PBXBuildFile; fileRef = B2784DA219B412AB0042A188 /* arms.png */; };
		B2784DA819B412AB0042A188 /* back.png in Resources */ = {isa = PBXBuildFile; fileRef = B2784DA319B412AB0042A188 /* back.png */; };
		B2784DA919B412AB0042A188 /* body.png in Resources */ = {isa = PBXBuildFile; fileRef = B2784DA419B412AB0042A188 /* body.png */; };
		B2784DAA19B412AB0042A188 /* chest.png in Resources */ = {isa = PBXBuildFile; fileRef = B2784DA519B412AB0042A188 /* chest.png */; };
		B2784DAD19B412B90042A188 /* legs.png in Resources */ = {isa = PBXBuildFile; fileRef = B2784DAB19B412B90042A188 /* legs.png */; };
		B2784DAE19B412B90042A188 /* shoulders.png in Resources */ = {isa = PBXBuildFile; fileRef = B2784DAC19B412B90042A188 /* shoulders.png */; };
		B27AF67019B0417300FDBF0F /* GBJoinedEventsTVC.m in Sources */ = {isa = PBXBuildFile; fileRef = B27AF66F19B0417300FDBF0F /* GBJoinedEventsTVC.m */; };
		B27AF67319B0D00700FDBF0F /* NSDate+Utilities.m in Sources */ = {isa = PBXBuildFile; fileRef = B27AF67219B0D00700FDBF0F /* NSDate+Utilities.m */; };
		B29774111980D5EF000AD7B6 /* SettingsVC.m in Sources */ = {isa = PBXBuildFile; fileRef = B297740F1980D5EF000AD7B6 /* SettingsVC.m */; };
		B29774121980D5EF000AD7B6 /* SettingsVC.xib in Resources */ = {isa = PBXBuildFile; fileRef = B29774101980D5EF000AD7B6 /* SettingsVC.xib */; };
		B297741519820C4C000AD7B6 /* mapView.png in Resources */ = {isa = PBXBuildFile; fileRef = B297741319820C4C000AD7B6 /* mapView.png */; };
		B297741619820C4C000AD7B6 /* tableView.png in Resources */ = {isa = PBXBuildFile; fileRef = B297741419820C4C000AD7B6 /* tableView.png */; };
		B297741819843EC9000AD7B6 /* sampleMapPin.png in Resources */ = {isa = PBXBuildFile; fileRef = B297741719843EC9000AD7B6 /* sampleMapPin.png */; };
		B29774201984BF68000AD7B6 /* aerobicsMap.png in Resources */ = {isa = PBXBuildFile; fileRef = B29774191984BF68000AD7B6 /* aerobicsMap.png */; };
		B29774211984BF68000AD7B6 /* basketballMap.png in Resources */ = {isa = PBXBuildFile; fileRef = B297741A1984BF68000AD7B6 /* basketballMap.png */; };
		B29774221984BF68000AD7B6 /* crossfitMap.png in Resources */ = {isa = PBXBuildFile; fileRef = B297741B1984BF68000AD7B6 /* crossfitMap.png */; };
		B29774231984BF68000AD7B6 /* runningMap.png in Resources */ = {isa = PBXBuildFile; fileRef = B297741C1984BF68000AD7B6 /* runningMap.png */; };
		B29774241984BF68000AD7B6 /* swimmingMap.png in Resources */ = {isa = PBXBuildFile; fileRef = B297741D1984BF68000AD7B6 /* swimmingMap.png */; };
		B29774251984BF68000AD7B6 /* weightliftingMap.png in Resources */ = {isa = PBXBuildFile; fileRef = B297741E1984BF68000AD7B6 /* weightliftingMap.png */; };
		B29774261984BF68000AD7B6 /* yogaMap.png in Resources */ = {isa = PBXBuildFile; fileRef = B297741F1984BF68000AD7B6 /* yogaMap.png */; };
		B297742A1984C195000AD7B6 /* PostCreateTVC.m in Sources */ = {isa = PBXBuildFile; fileRef = B29774281984C195000AD7B6 /* PostCreateTVC.m */; };
		B297742D1984C1BF000AD7B6 /* PostCreateTVC.storyboard in Resources */ = {isa = PBXBuildFile; fileRef = B297742C1984C1BF000AD7B6 /* PostCreateTVC.storyboard */; };
		B29774301984C34E000AD7B6 /* PCInterestTVC.m in Sources */ = {isa = PBXBuildFile; fileRef = B297742F1984C34E000AD7B6 /* PCInterestTVC.m */; };
		B2977438198582A5000AD7B6 /* aerobicsIcon.png in Resources */ = {isa = PBXBuildFile; fileRef = B2977431198582A5000AD7B6 /* aerobicsIcon.png */; };
		B2977439198582A5000AD7B6 /* basketballIcon.png in Resources */ = {isa = PBXBuildFile; fileRef = B2977432198582A5000AD7B6 /* basketballIcon.png */; };
		B297743A198582A5000AD7B6 /* crossfitIcon.png in Resources */ = {isa = PBXBuildFile; fileRef = B2977433198582A5000AD7B6 /* crossfitIcon.png */; };
		B297743B198582A5000AD7B6 /* runningIcon.png in Resources */ = {isa = PBXBuildFile; fileRef = B2977434198582A5000AD7B6 /* runningIcon.png */; };
		B297743C198582A5000AD7B6 /* swimmingIcon.png in Resources */ = {isa = PBXBuildFile; fileRef = B2977435198582A5000AD7B6 /* swimmingIcon.png */; };
		B297743D198582A5000AD7B6 /* weightliftingIcon.png in Resources */ = {isa = PBXBuildFile; fileRef = B2977436198582A5000AD7B6 /* weightliftingIcon.png */; };
		B297743E198582A5000AD7B6 /* yogaIcon.png in Resources */ = {isa = PBXBuildFile; fileRef = B2977437198582A5000AD7B6 /* yogaIcon.png */; };
		B29774431985F085000AD7B6 /* inbox.png in Resources */ = {isa = PBXBuildFile; fileRef = B297743F1985F085000AD7B6 /* inbox.png */; };
		B29774441985F085000AD7B6 /* mapTabBar.png in Resources */ = {isa = PBXBuildFile; fileRef = B29774401985F085000AD7B6 /* mapTabBar.png */; };
		B29774451985F085000AD7B6 /* menu.png in Resources */ = {isa = PBXBuildFile; fileRef = B29774411985F085000AD7B6 /* menu.png */; };
		B29774461985F085000AD7B6 /* settings.png in Resources */ = {isa = PBXBuildFile; fileRef = B29774421985F085000AD7B6 /* settings.png */; };
		B297744919861B9D000AD7B6 /* mapTableToggle1.png in Resources */ = {isa = PBXBuildFile; fileRef = B297744719861B9D000AD7B6 /* mapTableToggle1.png */; };
		B297744A19861B9D000AD7B6 /* mapTableToggle2.png in Resources */ = {isa = PBXBuildFile; fileRef = B297744819861B9D000AD7B6 /* mapTableToggle2.png */; };
		B2977450198629A3000AD7B6 /* people.png in Resources */ = {isa = PBXBuildFile; fileRef = B297744F198629A3000AD7B6 /* people.png */; };
		B297745419864133000AD7B6 /* centeredGear.png in Resources */ = {isa = PBXBuildFile; fileRef = B297745119864133000AD7B6 /* centeredGear.png */; };
		B297745519864133000AD7B6 /* centeredInbox.png in Resources */ = {isa = PBXBuildFile; fileRef = B297745219864133000AD7B6 /* centeredInbox.png */; };
		B297745619864133000AD7B6 /* centeredPeople.png in Resources */ = {isa = PBXBuildFile; fileRef = B297745319864133000AD7B6 /* centeredPeople.png */; };
		B2B8DC2D19D9208800BED65D /* GymBudTVC.m in Sources */ = {isa = PBXBuildFile; fileRef = B2B8DC2C19D9208800BED65D /* GymBudTVC.m */; };
		B2B8DC3119DA160A00BED65D /* GymBudBasicCell.m in Sources */ = {isa = PBXBuildFile; fileRef = B2B8DC2F19DA160A00BED65D /* GymBudBasicCell.m */; };
		B2B8DC3219DA160A00BED65D /* GymBudBasicCell.xib in Resources */ = {isa = PBXBuildFile; fileRef = B2B8DC3019DA160A00BED65D /* GymBudBasicCell.xib */; };
		B2B8DC3519DB212300BED65D /* GymBudDetailsVC.m in Sources */ = {isa = PBXBuildFile; fileRef = B2B8DC3419DB212300BED65D /* GymBudDetailsVC.m */; };
		B2B8DC3719DB214B00BED65D /* GymBudHeaderView.xib in Resources */ = {isa = PBXBuildFile; fileRef = B2B8DC3619DB214B00BED65D /* GymBudHeaderView.xib */; };
		B2B8DC3A19DB361B00BED65D /* other.png in Resources */ = {isa = PBXBuildFile; fileRef = B2B8DC3819DB361B00BED65D /* other.png */; };
		B2B8DC3B19DB361B00BED65D /* sports.png in Resources */ = {isa = PBXBuildFile; fileRef = B2B8DC3919DB361B00BED65D /* sports.png */; };
		B2B8DC3E19DB5CCD00BED65D /* othermap.png in Resources */ = {isa = PBXBuildFile; fileRef = B2B8DC3C19DB5CCD00BED65D /* othermap.png */; };
		B2B8DC3F19DB5CCD00BED65D /* sportsmap.png in Resources */ = {isa = PBXBuildFile; fileRef = B2B8DC3D19DB5CCD00BED65D /* sportsmap.png */; };
		B2B8DC4219DCA9A800BED65D /* GymBudConversationTVC.m in Sources */ = {isa = PBXBuildFile; fileRef = B2B8DC4119DCA9A800BED65D /* GymBudConversationTVC.m */; };
		B2C39D38197E172600039F90 /* main.m in Sources */ = {isa = PBXBuildFile; fileRef = B2C39D37197E172600039F90 /* main.m */; };
		B2C39D3B197E172600039F90 /* AppDelegate.m in Sources */ = {isa = PBXBuildFile; fileRef = B2C39D3A197E172600039F90 /* AppDelegate.m */; };
		B2C39D43197E172600039F90 /* Images.xcassets in Resources */ = {isa = PBXBuildFile; fileRef = B2C39D42197E172600039F90 /* Images.xcassets */; };
		B2C39D4F197E172600039F90 /* GymBudTests.m in Sources */ = {isa = PBXBuildFile; fileRef = B2C39D4E197E172600039F90 /* GymBudTests.m */; };
		B2C39D65197E191C00039F90 /* blueBubble.png in Resources */ = {isa = PBXBuildFile; fileRef = B2C39D5D197E191C00039F90 /* blueBubble.png */; };
		B2C39D66197E191C00039F90 /* blueBubble@2x.png in Resources */ = {isa = PBXBuildFile; fileRef = B2C39D5E197E191C00039F90 /* blueBubble@2x.png */; };
		B2C39D67197E191C00039F90 /* grayBubble.png in Resources */ = {isa = PBXBuildFile; fileRef = B2C39D5F197E191C00039F90 /* grayBubble.png */; };
		B2C39D68197E191C00039F90 /* grayBubble@2x.png in Resources */ = {isa = PBXBuildFile; fileRef = B2C39D60197E191C00039F90 /* grayBubble@2x.png */; };
		B2C39D69197E191C00039F90 /* just_background.png in Resources */ = {isa = PBXBuildFile; fileRef = B2C39D61197E191C00039F90 /* just_background.png */; };
		B2C39D6A197E191C00039F90 /* just_background@2x.png in Resources */ = {isa = PBXBuildFile; fileRef = B2C39D62197E191C00039F90 /* just_background@2x.png */; };
		B2C39D6B197E191C00039F90 /* Map.png in Resources */ = {isa = PBXBuildFile; fileRef = B2C39D63197E191C00039F90 /* Map.png */; };
		B2C39D6C197E191C00039F90 /* Map@2x.png in Resources */ = {isa = PBXBuildFile; fileRef = B2C39D64197E191C00039F90 /* Map@2x.png */; };
		B2C39D87197E194F00039F90 /* EditProfile.storyboard in Resources */ = {isa = PBXBuildFile; fileRef = B2C39D6E197E194F00039F90 /* EditProfile.storyboard */; };
		B2C39D88197E194F00039F90 /* EditProfileTVC.m in Sources */ = {isa = PBXBuildFile; fileRef = B2C39D70197E194F00039F90 /* EditProfileTVC.m */; };
		B2C39D89197E194F00039F90 /* EPInterestVC.m in Sources */ = {isa = PBXBuildFile; fileRef = B2C39D72197E194F00039F90 /* EPInterestVC.m */; };
		B2C39D8A197E194F00039F90 /* LoginViewController.m in Sources */ = {isa = PBXBuildFile; fileRef = B2C39D74197E194F00039F90 /* LoginViewController.m */; };
		B2C39D8B197E194F00039F90 /* MessageInboxTVC.m in Sources */ = {isa = PBXBuildFile; fileRef = B2C39D76197E194F00039F90 /* MessageInboxTVC.m */; };
		B2C39D8C197E194F00039F90 /* MessageUserVC.m in Sources */ = {isa = PBXBuildFile; fileRef = B2C39D78197E194F00039F90 /* MessageUserVC.m */; };
		B2C39D8D197E194F00039F90 /* MessageUserVC.xib in Resources */ = {isa = PBXBuildFile; fileRef = B2C39D79197E194F00039F90 /* MessageUserVC.xib */; };
		B2C39D8E197E194F00039F90 /* PAWWallPostCreateViewController.m in Sources */ = {isa = PBXBuildFile; fileRef = B2C39D7B197E194F00039F90 /* PAWWallPostCreateViewController.m */; };
		B2C39D8F197E194F00039F90 /* PAWWallPostCreateViewController.xib in Resources */ = {isa = PBXBuildFile; fileRef = B2C39D7C197E194F00039F90 /* PAWWallPostCreateViewController.xib */; };
		B2C39D90197E194F00039F90 /* PAWWallPostsTableViewController.m in Sources */ = {isa = PBXBuildFile; fileRef = B2C39D7E197E194F00039F90 /* PAWWallPostsTableViewController.m */; };
		B2C39D91197E194F00039F90 /* PAWWallViewController.m in Sources */ = {isa = PBXBuildFile; fileRef = B2C39D80197E194F00039F90 /* PAWWallViewController.m */; };
		B2C39D92197E194F00039F90 /* PAWWallViewController.xib in Resources */ = {isa = PBXBuildFile; fileRef = B2C39D81197E194F00039F90 /* PAWWallViewController.xib */; };
		B2C39D93197E194F00039F90 /* UserDetailsViewController.m in Sources */ = {isa = PBXBuildFile; fileRef = B2C39D83197E194F00039F90 /* UserDetailsViewController.m */; };
		B2C39D94197E194F00039F90 /* ViewMessageVC.m in Sources */ = {isa = PBXBuildFile; fileRef = B2C39D85197E194F00039F90 /* ViewMessageVC.m */; };
		B2C39D95197E194F00039F90 /* ViewMessageVC.xib in Resources */ = {isa = PBXBuildFile; fileRef = B2C39D86197E194F00039F90 /* ViewMessageVC.xib */; };
		B2C39D9A197E197E00039F90 /* PAWPost.m in Sources */ = {isa = PBXBuildFile; fileRef = B2C39D99197E197E00039F90 /* PAWPost.m */; };
		B2C39D9E197E19A900039F90 /* FacebookSDK.framework in Frameworks */ = {isa = PBXBuildFile; fileRef = B2C39D9C197E19A900039F90 /* FacebookSDK.framework */; };
		B2C39D9F197E19A900039F90 /* Parse.framework in Frameworks */ = {isa = PBXBuildFile; fileRef = B2C39D9D197E19A900039F90 /* Parse.framework */; };
		B2C39DA2197E1A7100039F90 /* UIKit.framework in Frameworks */ = {isa = PBXBuildFile; fileRef = B2C39DA1197E1A7100039F90 /* UIKit.framework */; };
		B2C39DA4197E1A7C00039F90 /* QuartzCore.framework in Frameworks */ = {isa = PBXBuildFile; fileRef = B2C39DA3197E1A7C00039F90 /* QuartzCore.framework */; };
		B2C39DA6197E1A9000039F90 /* StoreKit.framework in Frameworks */ = {isa = PBXBuildFile; fileRef = B2C39DA5197E1A9000039F90 /* StoreKit.framework */; };
		B2C39DA8197E1A9B00039F90 /* CoreLocation.framework in Frameworks */ = {isa = PBXBuildFile; fileRef = B2C39DA7197E1A9B00039F90 /* CoreLocation.framework */; };
		B2C39DAA197E1AA500039F90 /* libz.dylib in Frameworks */ = {isa = PBXBuildFile; fileRef = B2C39DA9197E1AA500039F90 /* libz.dylib */; };
		B2C39DAC197E1AAE00039F90 /* AudioToolbox.framework in Frameworks */ = {isa = PBXBuildFile; fileRef = B2C39DAB197E1AAE00039F90 /* AudioToolbox.framework */; };
		B2C39DAE197E1AB500039F90 /* CFNetwork.framework in Frameworks */ = {isa = PBXBuildFile; fileRef = B2C39DAD197E1AB500039F90 /* CFNetwork.framework */; };
		B2C39DB0197E1ABE00039F90 /* Foundation.framework in Frameworks */ = {isa = PBXBuildFile; fileRef = B2C39DAF197E1ABE00039F90 /* Foundation.framework */; };
		B2C39DB2197E1AC900039F90 /* MobileCoreServices.framework in Frameworks */ = {isa = PBXBuildFile; fileRef = B2C39DB1197E1AC900039F90 /* MobileCoreServices.framework */; };
		B2C39DB4197E1AD300039F90 /* Security.framework in Frameworks */ = {isa = PBXBuildFile; fileRef = B2C39DB3197E1AD300039F90 /* Security.framework */; };
		B2C39DB6197E1ADB00039F90 /* SystemConfiguration.framework in Frameworks */ = {isa = PBXBuildFile; fileRef = B2C39DB5197E1ADB00039F90 /* SystemConfiguration.framework */; };
		B2C39DBB197E1B5D00039F90 /* Main.storyboard in Resources */ = {isa = PBXBuildFile; fileRef = B2C39DB9197E1B5D00039F90 /* Main.storyboard */; };
		B2D0CAC5197E267D00B17D32 /* LoginViewController.xib in Resources */ = {isa = PBXBuildFile; fileRef = B2D0CAC4197E267D00B17D32 /* LoginViewController.xib */; };
		B2D0CACA197E272400B17D32 /* login-button-small-pressed.png in Resources */ = {isa = PBXBuildFile; fileRef = B2D0CAC6197E272400B17D32 /* login-button-small-pressed.png */; };
		B2D0CACB197E272400B17D32 /* login-button-small-pressed@2x.png in Resources */ = {isa = PBXBuildFile; fileRef = B2D0CAC7197E272400B17D32 /* login-button-small-pressed@2x.png */; };
		B2D0CACC197E272400B17D32 /* login-button-small.png in Resources */ = {isa = PBXBuildFile; fileRef = B2D0CAC8197E272400B17D32 /* login-button-small.png */; };
		B2D0CACD197E272400B17D32 /* login-button-small@2x.png in Resources */ = {isa = PBXBuildFile; fileRef = B2D0CAC9197E272400B17D32 /* login-button-small@2x.png */; };
		B2D0CAD1197E2BB700B17D32 /* FindUserTVC.m in Sources */ = {isa = PBXBuildFile; fileRef = B2D0CACF197E2BB700B17D32 /* FindUserTVC.m */; };
		B2D0CAD8197E2EAE00B17D32 /* TableHeaderView.xib in Resources */ = {isa = PBXBuildFile; fileRef = B2D0CAD7197E2EAE00B17D32 /* TableHeaderView.xib */; };
		B2FCFBE919CAC15C0078C68D /* EPBasicInfoVC.m in Sources */ = {isa = PBXBuildFile; fileRef = B2FCFBE819CAC15C0078C68D /* EPBasicInfoVC.m */; };
		D6179B487D9E4DCAA95C19B3 /* libPods-GymBud.a in Frameworks */ = {isa = PBXBuildFile; fileRef = 48EE337A63E5439BA42E30F1 /* libPods-GymBud.a */; };
/* End PBXBuildFile section */

/* Begin PBXContainerItemProxy section */
		B2C39D49197E172600039F90 /* PBXContainerItemProxy */ = {
			isa = PBXContainerItemProxy;
			containerPortal = B2C39D2A197E172600039F90 /* Project object */;
			proxyType = 1;
			remoteGlobalIDString = B2C39D31197E172600039F90;
			remoteInfo = GymBud;
		};
/* End PBXContainerItemProxy section */

/* Begin PBXFileReference section */
		48EE337A63E5439BA42E30F1 /* libPods-GymBud.a */ = {isa = PBXFileReference; explicitFileType = archive.ar; includeInIndex = 0; path = "libPods-GymBud.a"; sourceTree = BUILT_PRODUCTS_DIR; };
		77F13143198EEDDD00576708 /* libPods-GymBud-RSDayFlow.a */ = {isa = PBXFileReference; lastKnownFileType = archive.ar; name = "libPods-GymBud-RSDayFlow.a"; path = "Pods/build/Debug-iphoneos/libPods-GymBud-RSDayFlow.a"; sourceTree = "<group>"; };
		77F13145198EEE0000576708 /* RSDatePickerVC.h */ = {isa = PBXFileReference; fileEncoding = 4; lastKnownFileType = sourcecode.c.h; name = RSDatePickerVC.h; path = GymBud/Controllers/RSDatePickerVC.h; sourceTree = "<group>"; };
		77F13146198EEE0000576708 /* RSDatePickerVC.m */ = {isa = PBXFileReference; fileEncoding = 4; lastKnownFileType = sourcecode.c.objc; name = RSDatePickerVC.m; path = GymBud/Controllers/RSDatePickerVC.m; sourceTree = "<group>"; };
		77FD41C31993EEF20017E8D5 /* GymBudEventModel.h */ = {isa = PBXFileReference; fileEncoding = 4; lastKnownFileType = sourcecode.c.h; name = GymBudEventModel.h; path = GymBud/Models/GymBudEventModel.h; sourceTree = "<group>"; };
		77FD41C41993EEF20017E8D5 /* GymBudEventModel.m */ = {isa = PBXFileReference; fileEncoding = 4; lastKnownFileType = sourcecode.c.objc; name = GymBudEventModel.m; path = GymBud/Models/GymBudEventModel.m; sourceTree = "<group>"; };
		77FE647A198EF296008724CC /* Social.framework */ = {isa = PBXFileReference; lastKnownFileType = wrapper.framework; name = Social.framework; path = System/Library/Frameworks/Social.framework; sourceTree = SDKROOT; };
		77FE647E198F4FE1008724CC /* GoActivityCVC.h */ = {isa = PBXFileReference; fileEncoding = 4; lastKnownFileType = sourcecode.c.h; name = GoActivityCVC.h; path = GymBud/Controllers/GoActivityCVC.h; sourceTree = "<group>"; };
		77FE647F198F4FE1008724CC /* GoActivityCVC.m */ = {isa = PBXFileReference; fileEncoding = 4; lastKnownFileType = sourcecode.c.objc; name = GoActivityCVC.m; path = GymBud/Controllers/GoActivityCVC.m; sourceTree = "<group>"; };
		77FE6482198F5D36008724CC /* GoActivity.storyboard */ = {isa = PBXFileReference; fileEncoding = 4; lastKnownFileType = file.storyboard; name = GoActivity.storyboard; path = GymBud/Views/GoActivity.storyboard; sourceTree = "<group>"; };
		77FE6484198F5D43008724CC /* GymBudConstants.h */ = {isa = PBXFileReference; fileEncoding = 4; lastKnownFileType = sourcecode.c.h; name = GymBudConstants.h; path = GymBud/Models/GymBudConstants.h; sourceTree = "<group>"; };
		77FE6485198F715C008724CC /* GoActivityCVCell.h */ = {isa = PBXFileReference; fileEncoding = 4; lastKnownFileType = sourcecode.c.h; name = GoActivityCVCell.h; path = GymBud/Controllers/GoActivityCVCell.h; sourceTree = "<group>"; };
		77FE6486198F715C008724CC /* GoActivityCVCell.m */ = {isa = PBXFileReference; fileEncoding = 4; lastKnownFileType = sourcecode.c.objc; name = GoActivityCVCell.m; path = GymBud/Controllers/GoActivityCVCell.m; sourceTree = "<group>"; };
		77FE648A199051E8008724CC /* GoActivityCVCell.xib */ = {isa = PBXFileReference; fileEncoding = 4; lastKnownFileType = file.xib; name = GoActivityCVCell.xib; path = GymBud/Controllers/GoActivityCVCell.xib; sourceTree = "<group>"; };
		77FE648C1990545A008724CC /* GoActivityChosenVC.h */ = {isa = PBXFileReference; fileEncoding = 4; lastKnownFileType = sourcecode.c.h; name = GoActivityChosenVC.h; path = GymBud/Controllers/GoActivityChosenVC.h; sourceTree = "<group>"; };
		77FE648D1990545A008724CC /* GoActivityChosenVC.m */ = {isa = PBXFileReference; fileEncoding = 4; lastKnownFileType = sourcecode.c.objc; name = GoActivityChosenVC.m; path = GymBud/Controllers/GoActivityChosenVC.m; sourceTree = "<group>"; };
		77FE648F1990A924008724CC /* GoActivityCreateEventVC.h */ = {isa = PBXFileReference; fileEncoding = 4; lastKnownFileType = sourcecode.c.h; name = GoActivityCreateEventVC.h; path = GymBud/Controllers/GoActivityCreateEventVC.h; sourceTree = "<group>"; };
		77FE64901990A924008724CC /* GoActivityCreateEventVC.m */ = {isa = PBXFileReference; fileEncoding = 4; lastKnownFileType = sourcecode.c.objc; name = GoActivityCreateEventVC.m; path = GymBud/Controllers/GoActivityCreateEventVC.m; sourceTree = "<group>"; };
		B2011D1019C8019300D65275 /* FilterStoryboard.storyboard */ = {isa = PBXFileReference; fileEncoding = 4; lastKnownFileType = file.storyboard; name = FilterStoryboard.storyboard; path = GymBud/Views/FilterStoryboard.storyboard; sourceTree = "<group>"; };
		B2011D1219C91C3500D65275 /* GBEventsFilterViewController.h */ = {isa = PBXFileReference; fileEncoding = 4; lastKnownFileType = sourcecode.c.h; name = GBEventsFilterViewController.h; path = GymBud/Controllers/GBEventsFilterViewController.h; sourceTree = "<group>"; };
		B2011D1319C91C3500D65275 /* GBEventsFilterViewController.m */ = {isa = PBXFileReference; fileEncoding = 4; lastKnownFileType = sourcecode.c.objc; name = GBEventsFilterViewController.m; path = GymBud/Controllers/GBEventsFilterViewController.m; sourceTree = "<group>"; };
		B2081ECB1A0D4E5A00D18F9B /* MessageUI.framework */ = {isa = PBXFileReference; lastKnownFileType = wrapper.framework; name = MessageUI.framework; path = System/Library/Frameworks/MessageUI.framework; sourceTree = SDKROOT; };
		B21086C31A16739E0057EC6A /* EPTVC.h */ = {isa = PBXFileReference; fileEncoding = 4; lastKnownFileType = sourcecode.c.h; name = EPTVC.h; path = GymBud/Controllers/EPTVC.h; sourceTree = "<group>"; };
		B21086C41A16739E0057EC6A /* EPTVC.m */ = {isa = PBXFileReference; fileEncoding = 4; lastKnownFileType = sourcecode.c.objc; name = EPTVC.m; path = GymBud/Controllers/EPTVC.m; sourceTree = "<group>"; };
		B2722DD719AD832900FEC2AF /* GymBudEventsTVC.h */ = {isa = PBXFileReference; fileEncoding = 4; lastKnownFileType = sourcecode.c.h; name = GymBudEventsTVC.h; path = GymBud/Controllers/GymBudEventsTVC.h; sourceTree = "<group>"; };
		B2722DD819AD832900FEC2AF /* GymBudEventsTVC.m */ = {isa = PBXFileReference; fileEncoding = 4; lastKnownFileType = sourcecode.c.objc; name = GymBudEventsTVC.m; path = GymBud/Controllers/GymBudEventsTVC.m; sourceTree = "<group>"; };
		B2722DDF19AD86F800FEC2AF /* GymBudEventsCell.h */ = {isa = PBXFileReference; fileEncoding = 4; lastKnownFileType = sourcecode.c.h; name = GymBudEventsCell.h; path = GymBud/Views/GymBudEventsCell.h; sourceTree = "<group>"; };
		B2722DE019AD86F800FEC2AF /* GymBudEventsCell.m */ = {isa = PBXFileReference; fileEncoding = 4; lastKnownFileType = sourcecode.c.objc; name = GymBudEventsCell.m; path = GymBud/Views/GymBudEventsCell.m; sourceTree = "<group>"; };
		B2722DE119AD86F800FEC2AF /* GymBudEventsCell.xib */ = {isa = PBXFileReference; fileEncoding = 4; lastKnownFileType = file.xib; name = GymBudEventsCell.xib; path = GymBud/Views/GymBudEventsCell.xib; sourceTree = "<group>"; };
		B2784D8619B14F620042A188 /* loadingLogo.png */ = {isa = PBXFileReference; lastKnownFileType = image.png; name = loadingLogo.png; path = GymBud/Assets/loadingLogo.png; sourceTree = "<group>"; };
		B2784D8819B17AF00042A188 /* go.png */ = {isa = PBXFileReference; lastKnownFileType = image.png; name = go.png; path = GymBud/Assets/go.png; sourceTree = "<group>"; };
		B2784D8919B17AF00042A188 /* join.png */ = {isa = PBXFileReference; lastKnownFileType = image.png; name = join.png; path = GymBud/Assets/join.png; sourceTree = "<group>"; };
		B2784D8C19B18D010042A188 /* load1.png */ = {isa = PBXFileReference; lastKnownFileType = image.png; name = load1.png; path = GymBud/Assets/load1.png; sourceTree = "<group>"; };
		B2784D8D19B18D010042A188 /* load2.png */ = {isa = PBXFileReference; lastKnownFileType = image.png; name = load2.png; path = GymBud/Assets/load2.png; sourceTree = "<group>"; };
		B2784D8E19B18D010042A188 /* load3.png */ = {isa = PBXFileReference; lastKnownFileType = image.png; name = load3.png; path = GymBud/Assets/load3.png; sourceTree = "<group>"; };
		B2784D8F19B18D010042A188 /* load4.png */ = {isa = PBXFileReference; lastKnownFileType = image.png; name = load4.png; path = GymBud/Assets/load4.png; sourceTree = "<group>"; };
		B2784D9019B18D010042A188 /* load5.png */ = {isa = PBXFileReference; lastKnownFileType = image.png; name = load5.png; path = GymBud/Assets/load5.png; sourceTree = "<group>"; };
		B2784D9119B18D010042A188 /* load6.png */ = {isa = PBXFileReference; lastKnownFileType = image.png; name = load6.png; path = GymBud/Assets/load6.png; sourceTree = "<group>"; };
		B2784D9219B18D010042A188 /* load7.png */ = {isa = PBXFileReference; lastKnownFileType = image.png; name = load7.png; path = GymBud/Assets/load7.png; sourceTree = "<group>"; };
		B2784D9319B18D010042A188 /* load8.png */ = {isa = PBXFileReference; lastKnownFileType = image.png; name = load8.png; path = GymBud/Assets/load8.png; sourceTree = "<group>"; };
		B2784D9419B18D010042A188 /* load9.png */ = {isa = PBXFileReference; lastKnownFileType = image.png; name = load9.png; path = GymBud/Assets/load9.png; sourceTree = "<group>"; };
		B2784D9E19B2B34E0042A188 /* GBBodyPartCVC.h */ = {isa = PBXFileReference; fileEncoding = 4; lastKnownFileType = sourcecode.c.h; name = GBBodyPartCVC.h; path = GymBud/Controllers/GBBodyPartCVC.h; sourceTree = "<group>"; };
		B2784D9F19B2B34E0042A188 /* GBBodyPartCVC.m */ = {isa = PBXFileReference; fileEncoding = 4; lastKnownFileType = sourcecode.c.objc; name = GBBodyPartCVC.m; path = GymBud/Controllers/GBBodyPartCVC.m; sourceTree = "<group>"; };
		B2784DA119B412AB0042A188 /* abs.png */ = {isa = PBXFileReference; lastKnownFileType = image.png; name = abs.png; path = GymBud/Assets/abs.png; sourceTree = "<group>"; };
		B2784DA219B412AB0042A188 /* arms.png */ = {isa = PBXFileReference; lastKnownFileType = image.png; name = arms.png; path = GymBud/Assets/arms.png; sourceTree = "<group>"; };
		B2784DA319B412AB0042A188 /* back.png */ = {isa = PBXFileReference; lastKnownFileType = image.png; name = back.png; path = GymBud/Assets/back.png; sourceTree = "<group>"; };
		B2784DA419B412AB0042A188 /* body.png */ = {isa = PBXFileReference; lastKnownFileType = image.png; name = body.png; path = GymBud/Assets/body.png; sourceTree = "<group>"; };
		B2784DA519B412AB0042A188 /* chest.png */ = {isa = PBXFileReference; lastKnownFileType = image.png; name = chest.png; path = GymBud/Assets/chest.png; sourceTree = "<group>"; };
		B2784DAB19B412B90042A188 /* legs.png */ = {isa = PBXFileReference; lastKnownFileType = image.png; name = legs.png; path = GymBud/Assets/legs.png; sourceTree = "<group>"; };
		B2784DAC19B412B90042A188 /* shoulders.png */ = {isa = PBXFileReference; lastKnownFileType = image.png; name = shoulders.png; path = GymBud/Assets/shoulders.png; sourceTree = "<group>"; };
		B27AF66E19B0417300FDBF0F /* GBJoinedEventsTVC.h */ = {isa = PBXFileReference; fileEncoding = 4; lastKnownFileType = sourcecode.c.h; name = GBJoinedEventsTVC.h; path = GymBud/Controllers/GBJoinedEventsTVC.h; sourceTree = "<group>"; };
		B27AF66F19B0417300FDBF0F /* GBJoinedEventsTVC.m */ = {isa = PBXFileReference; fileEncoding = 4; lastKnownFileType = sourcecode.c.objc; name = GBJoinedEventsTVC.m; path = GymBud/Controllers/GBJoinedEventsTVC.m; sourceTree = "<group>"; };
		B27AF67119B0D00700FDBF0F /* NSDate+Utilities.h */ = {isa = PBXFileReference; fileEncoding = 4; lastKnownFileType = sourcecode.c.h; name = "NSDate+Utilities.h"; path = "GymBud/Models/NSDate+Utilities.h"; sourceTree = "<group>"; };
		B27AF67219B0D00700FDBF0F /* NSDate+Utilities.m */ = {isa = PBXFileReference; fileEncoding = 4; lastKnownFileType = sourcecode.c.objc; name = "NSDate+Utilities.m"; path = "GymBud/Models/NSDate+Utilities.m"; sourceTree = "<group>"; };
		B297740E1980D5EF000AD7B6 /* SettingsVC.h */ = {isa = PBXFileReference; fileEncoding = 4; lastKnownFileType = sourcecode.c.h; name = SettingsVC.h; path = GymBud/Controllers/SettingsVC.h; sourceTree = "<group>"; };
		B297740F1980D5EF000AD7B6 /* SettingsVC.m */ = {isa = PBXFileReference; fileEncoding = 4; lastKnownFileType = sourcecode.c.objc; name = SettingsVC.m; path = GymBud/Controllers/SettingsVC.m; sourceTree = "<group>"; };
		B29774101980D5EF000AD7B6 /* SettingsVC.xib */ = {isa = PBXFileReference; fileEncoding = 4; lastKnownFileType = file.xib; name = SettingsVC.xib; path = GymBud/Controllers/SettingsVC.xib; sourceTree = "<group>"; };
		B297741319820C4C000AD7B6 /* mapView.png */ = {isa = PBXFileReference; lastKnownFileType = image.png; name = mapView.png; path = GymBud/Assets/mapView.png; sourceTree = "<group>"; };
		B297741419820C4C000AD7B6 /* tableView.png */ = {isa = PBXFileReference; lastKnownFileType = image.png; name = tableView.png; path = GymBud/Assets/tableView.png; sourceTree = "<group>"; };
		B297741719843EC9000AD7B6 /* sampleMapPin.png */ = {isa = PBXFileReference; lastKnownFileType = image.png; name = sampleMapPin.png; path = GymBud/Assets/sampleMapPin.png; sourceTree = "<group>"; };
		B29774191984BF68000AD7B6 /* aerobicsMap.png */ = {isa = PBXFileReference; lastKnownFileType = image.png; name = aerobicsMap.png; path = GymBud/Assets/aerobicsMap.png; sourceTree = "<group>"; };
		B297741A1984BF68000AD7B6 /* basketballMap.png */ = {isa = PBXFileReference; lastKnownFileType = image.png; name = basketballMap.png; path = GymBud/Assets/basketballMap.png; sourceTree = "<group>"; };
		B297741B1984BF68000AD7B6 /* crossfitMap.png */ = {isa = PBXFileReference; lastKnownFileType = image.png; name = crossfitMap.png; path = GymBud/Assets/crossfitMap.png; sourceTree = "<group>"; };
		B297741C1984BF68000AD7B6 /* runningMap.png */ = {isa = PBXFileReference; lastKnownFileType = image.png; name = runningMap.png; path = GymBud/Assets/runningMap.png; sourceTree = "<group>"; };
		B297741D1984BF68000AD7B6 /* swimmingMap.png */ = {isa = PBXFileReference; lastKnownFileType = image.png; name = swimmingMap.png; path = GymBud/Assets/swimmingMap.png; sourceTree = "<group>"; };
		B297741E1984BF68000AD7B6 /* weightliftingMap.png */ = {isa = PBXFileReference; lastKnownFileType = image.png; name = weightliftingMap.png; path = GymBud/Assets/weightliftingMap.png; sourceTree = "<group>"; };
		B297741F1984BF68000AD7B6 /* yogaMap.png */ = {isa = PBXFileReference; lastKnownFileType = image.png; name = yogaMap.png; path = GymBud/Assets/yogaMap.png; sourceTree = "<group>"; };
		B29774271984C195000AD7B6 /* PostCreateTVC.h */ = {isa = PBXFileReference; fileEncoding = 4; lastKnownFileType = sourcecode.c.h; name = PostCreateTVC.h; path = GymBud/Controllers/PostCreateTVC.h; sourceTree = "<group>"; };
		B29774281984C195000AD7B6 /* PostCreateTVC.m */ = {isa = PBXFileReference; fileEncoding = 4; lastKnownFileType = sourcecode.c.objc; name = PostCreateTVC.m; path = GymBud/Controllers/PostCreateTVC.m; sourceTree = "<group>"; };
		B297742C1984C1BF000AD7B6 /* PostCreateTVC.storyboard */ = {isa = PBXFileReference; fileEncoding = 4; lastKnownFileType = file.storyboard; name = PostCreateTVC.storyboard; path = GymBud/Views/PostCreateTVC.storyboard; sourceTree = "<group>"; };
		B297742E1984C34E000AD7B6 /* PCInterestTVC.h */ = {isa = PBXFileReference; fileEncoding = 4; lastKnownFileType = sourcecode.c.h; name = PCInterestTVC.h; path = GymBud/Controllers/PCInterestTVC.h; sourceTree = "<group>"; };
		B297742F1984C34E000AD7B6 /* PCInterestTVC.m */ = {isa = PBXFileReference; fileEncoding = 4; lastKnownFileType = sourcecode.c.objc; name = PCInterestTVC.m; path = GymBud/Controllers/PCInterestTVC.m; sourceTree = "<group>"; };
		B2977431198582A5000AD7B6 /* aerobicsIcon.png */ = {isa = PBXFileReference; lastKnownFileType = image.png; name = aerobicsIcon.png; path = GymBud/Assets/aerobicsIcon.png; sourceTree = "<group>"; };
		B2977432198582A5000AD7B6 /* basketballIcon.png */ = {isa = PBXFileReference; lastKnownFileType = image.png; name = basketballIcon.png; path = GymBud/Assets/basketballIcon.png; sourceTree = "<group>"; };
		B2977433198582A5000AD7B6 /* crossfitIcon.png */ = {isa = PBXFileReference; lastKnownFileType = image.png; name = crossfitIcon.png; path = GymBud/Assets/crossfitIcon.png; sourceTree = "<group>"; };
		B2977434198582A5000AD7B6 /* runningIcon.png */ = {isa = PBXFileReference; lastKnownFileType = image.png; name = runningIcon.png; path = GymBud/Assets/runningIcon.png; sourceTree = "<group>"; };
		B2977435198582A5000AD7B6 /* swimmingIcon.png */ = {isa = PBXFileReference; lastKnownFileType = image.png; name = swimmingIcon.png; path = GymBud/Assets/swimmingIcon.png; sourceTree = "<group>"; };
		B2977436198582A5000AD7B6 /* weightliftingIcon.png */ = {isa = PBXFileReference; lastKnownFileType = image.png; name = weightliftingIcon.png; path = GymBud/Assets/weightliftingIcon.png; sourceTree = "<group>"; };
		B2977437198582A5000AD7B6 /* yogaIcon.png */ = {isa = PBXFileReference; lastKnownFileType = image.png; name = yogaIcon.png; path = GymBud/Assets/yogaIcon.png; sourceTree = "<group>"; };
		B297743F1985F085000AD7B6 /* inbox.png */ = {isa = PBXFileReference; lastKnownFileType = image.png; name = inbox.png; path = GymBud/Assets/inbox.png; sourceTree = "<group>"; };
		B29774401985F085000AD7B6 /* mapTabBar.png */ = {isa = PBXFileReference; lastKnownFileType = image.png; name = mapTabBar.png; path = GymBud/Assets/mapTabBar.png; sourceTree = "<group>"; };
		B29774411985F085000AD7B6 /* menu.png */ = {isa = PBXFileReference; lastKnownFileType = image.png; name = menu.png; path = GymBud/Assets/menu.png; sourceTree = "<group>"; };
		B29774421985F085000AD7B6 /* settings.png */ = {isa = PBXFileReference; lastKnownFileType = image.png; name = settings.png; path = GymBud/Assets/settings.png; sourceTree = "<group>"; };
		B297744719861B9D000AD7B6 /* mapTableToggle1.png */ = {isa = PBXFileReference; lastKnownFileType = image.png; name = mapTableToggle1.png; path = GymBud/Assets/mapTableToggle1.png; sourceTree = "<group>"; };
		B297744819861B9D000AD7B6 /* mapTableToggle2.png */ = {isa = PBXFileReference; lastKnownFileType = image.png; name = mapTableToggle2.png; path = GymBud/Assets/mapTableToggle2.png; sourceTree = "<group>"; };
		B297744F198629A3000AD7B6 /* people.png */ = {isa = PBXFileReference; lastKnownFileType = image.png; name = people.png; path = GymBud/Assets/people.png; sourceTree = "<group>"; };
		B297745119864133000AD7B6 /* centeredGear.png */ = {isa = PBXFileReference; lastKnownFileType = image.png; name = centeredGear.png; path = GymBud/Assets/centeredGear.png; sourceTree = "<group>"; };
		B297745219864133000AD7B6 /* centeredInbox.png */ = {isa = PBXFileReference; lastKnownFileType = image.png; name = centeredInbox.png; path = GymBud/Assets/centeredInbox.png; sourceTree = "<group>"; };
		B297745319864133000AD7B6 /* centeredPeople.png */ = {isa = PBXFileReference; lastKnownFileType = image.png; name = centeredPeople.png; path = GymBud/Assets/centeredPeople.png; sourceTree = "<group>"; };
		B2B8DC2B19D9208800BED65D /* GymBudTVC.h */ = {isa = PBXFileReference; fileEncoding = 4; lastKnownFileType = sourcecode.c.h; name = GymBudTVC.h; path = GymBud/Controllers/GymBudTVC.h; sourceTree = "<group>"; };
		B2B8DC2C19D9208800BED65D /* GymBudTVC.m */ = {isa = PBXFileReference; fileEncoding = 4; lastKnownFileType = sourcecode.c.objc; name = GymBudTVC.m; path = GymBud/Controllers/GymBudTVC.m; sourceTree = "<group>"; };
		B2B8DC2E19DA160A00BED65D /* GymBudBasicCell.h */ = {isa = PBXFileReference; fileEncoding = 4; lastKnownFileType = sourcecode.c.h; name = GymBudBasicCell.h; path = GymBud/Views/GymBudBasicCell.h; sourceTree = "<group>"; };
		B2B8DC2F19DA160A00BED65D /* GymBudBasicCell.m */ = {isa = PBXFileReference; fileEncoding = 4; lastKnownFileType = sourcecode.c.objc; name = GymBudBasicCell.m; path = GymBud/Views/GymBudBasicCell.m; sourceTree = "<group>"; };
		B2B8DC3019DA160A00BED65D /* GymBudBasicCell.xib */ = {isa = PBXFileReference; fileEncoding = 4; lastKnownFileType = file.xib; name = GymBudBasicCell.xib; path = GymBud/Views/GymBudBasicCell.xib; sourceTree = "<group>"; };
		B2B8DC3319DB212300BED65D /* GymBudDetailsVC.h */ = {isa = PBXFileReference; fileEncoding = 4; lastKnownFileType = sourcecode.c.h; name = GymBudDetailsVC.h; path = GymBud/Controllers/GymBudDetailsVC.h; sourceTree = "<group>"; };
		B2B8DC3419DB212300BED65D /* GymBudDetailsVC.m */ = {isa = PBXFileReference; fileEncoding = 4; lastKnownFileType = sourcecode.c.objc; name = GymBudDetailsVC.m; path = GymBud/Controllers/GymBudDetailsVC.m; sourceTree = "<group>"; };
		B2B8DC3619DB214B00BED65D /* GymBudHeaderView.xib */ = {isa = PBXFileReference; fileEncoding = 4; lastKnownFileType = file.xib; name = GymBudHeaderView.xib; path = GymBud/Views/GymBudHeaderView.xib; sourceTree = "<group>"; };
		B2B8DC3819DB361B00BED65D /* other.png */ = {isa = PBXFileReference; lastKnownFileType = image.png; name = other.png; path = GymBud/Assets/other.png; sourceTree = "<group>"; };
		B2B8DC3919DB361B00BED65D /* sports.png */ = {isa = PBXFileReference; lastKnownFileType = image.png; name = sports.png; path = GymBud/Assets/sports.png; sourceTree = "<group>"; };
		B2B8DC3C19DB5CCD00BED65D /* othermap.png */ = {isa = PBXFileReference; lastKnownFileType = image.png; name = othermap.png; path = GymBud/Assets/othermap.png; sourceTree = "<group>"; };
		B2B8DC3D19DB5CCD00BED65D /* sportsmap.png */ = {isa = PBXFileReference; lastKnownFileType = image.png; name = sportsmap.png; path = GymBud/Assets/sportsmap.png; sourceTree = "<group>"; };
		B2B8DC4019DCA9A800BED65D /* GymBudConversationTVC.h */ = {isa = PBXFileReference; fileEncoding = 4; lastKnownFileType = sourcecode.c.h; name = GymBudConversationTVC.h; path = GymBud/Controllers/GymBudConversationTVC.h; sourceTree = "<group>"; };
		B2B8DC4119DCA9A800BED65D /* GymBudConversationTVC.m */ = {isa = PBXFileReference; fileEncoding = 4; lastKnownFileType = sourcecode.c.objc; name = GymBudConversationTVC.m; path = GymBud/Controllers/GymBudConversationTVC.m; sourceTree = "<group>"; };
		B2C39D32197E172600039F90 /* GymBud.app */ = {isa = PBXFileReference; explicitFileType = wrapper.application; includeInIndex = 0; path = GymBud.app; sourceTree = BUILT_PRODUCTS_DIR; };
		B2C39D36197E172600039F90 /* Info.plist */ = {isa = PBXFileReference; lastKnownFileType = text.plist.xml; path = Info.plist; sourceTree = "<group>"; };
		B2C39D37197E172600039F90 /* main.m */ = {isa = PBXFileReference; lastKnownFileType = sourcecode.c.objc; path = main.m; sourceTree = "<group>"; };
		B2C39D39197E172600039F90 /* AppDelegate.h */ = {isa = PBXFileReference; lastKnownFileType = sourcecode.c.h; path = AppDelegate.h; sourceTree = "<group>"; };
		B2C39D3A197E172600039F90 /* AppDelegate.m */ = {isa = PBXFileReference; lastKnownFileType = sourcecode.c.objc; path = AppDelegate.m; sourceTree = "<group>"; };
		B2C39D42197E172600039F90 /* Images.xcassets */ = {isa = PBXFileReference; lastKnownFileType = folder.assetcatalog; path = Images.xcassets; sourceTree = "<group>"; };
		B2C39D48197E172600039F90 /* GymBudTests.xctest */ = {isa = PBXFileReference; explicitFileType = wrapper.cfbundle; includeInIndex = 0; path = GymBudTests.xctest; sourceTree = BUILT_PRODUCTS_DIR; };
		B2C39D4D197E172600039F90 /* Info.plist */ = {isa = PBXFileReference; lastKnownFileType = text.plist.xml; path = Info.plist; sourceTree = "<group>"; };
		B2C39D4E197E172600039F90 /* GymBudTests.m */ = {isa = PBXFileReference; lastKnownFileType = sourcecode.c.objc; path = GymBudTests.m; sourceTree = "<group>"; };
		B2C39D5D197E191C00039F90 /* blueBubble.png */ = {isa = PBXFileReference; lastKnownFileType = image.png; name = blueBubble.png; path = GymBud/Assets/blueBubble.png; sourceTree = "<group>"; };
		B2C39D5E197E191C00039F90 /* blueBubble@2x.png */ = {isa = PBXFileReference; lastKnownFileType = image.png; name = "blueBubble@2x.png"; path = "GymBud/Assets/blueBubble@2x.png"; sourceTree = "<group>"; };
		B2C39D5F197E191C00039F90 /* grayBubble.png */ = {isa = PBXFileReference; lastKnownFileType = image.png; name = grayBubble.png; path = GymBud/Assets/grayBubble.png; sourceTree = "<group>"; };
		B2C39D60197E191C00039F90 /* grayBubble@2x.png */ = {isa = PBXFileReference; lastKnownFileType = image.png; name = "grayBubble@2x.png"; path = "GymBud/Assets/grayBubble@2x.png"; sourceTree = "<group>"; };
		B2C39D61197E191C00039F90 /* just_background.png */ = {isa = PBXFileReference; lastKnownFileType = image.png; name = just_background.png; path = GymBud/Assets/just_background.png; sourceTree = "<group>"; };
		B2C39D62197E191C00039F90 /* just_background@2x.png */ = {isa = PBXFileReference; lastKnownFileType = image.png; name = "just_background@2x.png"; path = "GymBud/Assets/just_background@2x.png"; sourceTree = "<group>"; };
		B2C39D63197E191C00039F90 /* Map.png */ = {isa = PBXFileReference; lastKnownFileType = image.png; name = Map.png; path = GymBud/Assets/Map.png; sourceTree = "<group>"; };
		B2C39D64197E191C00039F90 /* Map@2x.png */ = {isa = PBXFileReference; lastKnownFileType = image.png; name = "Map@2x.png"; path = "GymBud/Assets/Map@2x.png"; sourceTree = "<group>"; };
		B2C39D6E197E194F00039F90 /* EditProfile.storyboard */ = {isa = PBXFileReference; fileEncoding = 4; lastKnownFileType = file.storyboard; name = EditProfile.storyboard; path = GymBud/Controllers/EditProfile.storyboard; sourceTree = "<group>"; };
		B2C39D6F197E194F00039F90 /* EditProfileTVC.h */ = {isa = PBXFileReference; fileEncoding = 4; lastKnownFileType = sourcecode.c.h; name = EditProfileTVC.h; path = GymBud/Controllers/EditProfileTVC.h; sourceTree = "<group>"; };
		B2C39D70197E194F00039F90 /* EditProfileTVC.m */ = {isa = PBXFileReference; fileEncoding = 4; lastKnownFileType = sourcecode.c.objc; name = EditProfileTVC.m; path = GymBud/Controllers/EditProfileTVC.m; sourceTree = "<group>"; };
		B2C39D71197E194F00039F90 /* EPInterestVC.h */ = {isa = PBXFileReference; fileEncoding = 4; lastKnownFileType = sourcecode.c.h; name = EPInterestVC.h; path = GymBud/Controllers/EPInterestVC.h; sourceTree = "<group>"; };
		B2C39D72197E194F00039F90 /* EPInterestVC.m */ = {isa = PBXFileReference; fileEncoding = 4; lastKnownFileType = sourcecode.c.objc; name = EPInterestVC.m; path = GymBud/Controllers/EPInterestVC.m; sourceTree = "<group>"; };
		B2C39D73197E194F00039F90 /* LoginViewController.h */ = {isa = PBXFileReference; fileEncoding = 4; lastKnownFileType = sourcecode.c.h; name = LoginViewController.h; path = GymBud/Controllers/LoginViewController.h; sourceTree = "<group>"; };
		B2C39D74197E194F00039F90 /* LoginViewController.m */ = {isa = PBXFileReference; fileEncoding = 4; lastKnownFileType = sourcecode.c.objc; name = LoginViewController.m; path = GymBud/Controllers/LoginViewController.m; sourceTree = "<group>"; };
		B2C39D75197E194F00039F90 /* MessageInboxTVC.h */ = {isa = PBXFileReference; fileEncoding = 4; lastKnownFileType = sourcecode.c.h; name = MessageInboxTVC.h; path = GymBud/Controllers/MessageInboxTVC.h; sourceTree = "<group>"; };
		B2C39D76197E194F00039F90 /* MessageInboxTVC.m */ = {isa = PBXFileReference; fileEncoding = 4; lastKnownFileType = sourcecode.c.objc; name = MessageInboxTVC.m; path = GymBud/Controllers/MessageInboxTVC.m; sourceTree = "<group>"; };
		B2C39D77197E194F00039F90 /* MessageUserVC.h */ = {isa = PBXFileReference; fileEncoding = 4; lastKnownFileType = sourcecode.c.h; name = MessageUserVC.h; path = GymBud/Controllers/MessageUserVC.h; sourceTree = "<group>"; };
		B2C39D78197E194F00039F90 /* MessageUserVC.m */ = {isa = PBXFileReference; fileEncoding = 4; lastKnownFileType = sourcecode.c.objc; name = MessageUserVC.m; path = GymBud/Controllers/MessageUserVC.m; sourceTree = "<group>"; };
		B2C39D79197E194F00039F90 /* MessageUserVC.xib */ = {isa = PBXFileReference; fileEncoding = 4; lastKnownFileType = file.xib; name = MessageUserVC.xib; path = GymBud/Controllers/MessageUserVC.xib; sourceTree = "<group>"; };
		B2C39D7A197E194F00039F90 /* PAWWallPostCreateViewController.h */ = {isa = PBXFileReference; fileEncoding = 4; lastKnownFileType = sourcecode.c.h; name = PAWWallPostCreateViewController.h; path = GymBud/Controllers/PAWWallPostCreateViewController.h; sourceTree = "<group>"; };
		B2C39D7B197E194F00039F90 /* PAWWallPostCreateViewController.m */ = {isa = PBXFileReference; fileEncoding = 4; lastKnownFileType = sourcecode.c.objc; name = PAWWallPostCreateViewController.m; path = GymBud/Controllers/PAWWallPostCreateViewController.m; sourceTree = "<group>"; };
		B2C39D7C197E194F00039F90 /* PAWWallPostCreateViewController.xib */ = {isa = PBXFileReference; fileEncoding = 4; lastKnownFileType = file.xib; name = PAWWallPostCreateViewController.xib; path = GymBud/Controllers/PAWWallPostCreateViewController.xib; sourceTree = "<group>"; };
		B2C39D7D197E194F00039F90 /* PAWWallPostsTableViewController.h */ = {isa = PBXFileReference; fileEncoding = 4; lastKnownFileType = sourcecode.c.h; name = PAWWallPostsTableViewController.h; path = GymBud/Controllers/PAWWallPostsTableViewController.h; sourceTree = "<group>"; };
		B2C39D7E197E194F00039F90 /* PAWWallPostsTableViewController.m */ = {isa = PBXFileReference; fileEncoding = 4; lastKnownFileType = sourcecode.c.objc; name = PAWWallPostsTableViewController.m; path = GymBud/Controllers/PAWWallPostsTableViewController.m; sourceTree = "<group>"; };
		B2C39D7F197E194F00039F90 /* PAWWallViewController.h */ = {isa = PBXFileReference; fileEncoding = 4; lastKnownFileType = sourcecode.c.h; name = PAWWallViewController.h; path = GymBud/Controllers/PAWWallViewController.h; sourceTree = "<group>"; };
		B2C39D80197E194F00039F90 /* PAWWallViewController.m */ = {isa = PBXFileReference; fileEncoding = 4; lastKnownFileType = sourcecode.c.objc; name = PAWWallViewController.m; path = GymBud/Controllers/PAWWallViewController.m; sourceTree = "<group>"; };
		B2C39D81197E194F00039F90 /* PAWWallViewController.xib */ = {isa = PBXFileReference; fileEncoding = 4; lastKnownFileType = file.xib; name = PAWWallViewController.xib; path = GymBud/Controllers/PAWWallViewController.xib; sourceTree = "<group>"; };
		B2C39D82197E194F00039F90 /* UserDetailsViewController.h */ = {isa = PBXFileReference; fileEncoding = 4; lastKnownFileType = sourcecode.c.h; name = UserDetailsViewController.h; path = GymBud/Controllers/UserDetailsViewController.h; sourceTree = "<group>"; };
		B2C39D83197E194F00039F90 /* UserDetailsViewController.m */ = {isa = PBXFileReference; fileEncoding = 4; lastKnownFileType = sourcecode.c.objc; name = UserDetailsViewController.m; path = GymBud/Controllers/UserDetailsViewController.m; sourceTree = "<group>"; };
		B2C39D84197E194F00039F90 /* ViewMessageVC.h */ = {isa = PBXFileReference; fileEncoding = 4; lastKnownFileType = sourcecode.c.h; name = ViewMessageVC.h; path = GymBud/Controllers/ViewMessageVC.h; sourceTree = "<group>"; };
		B2C39D85197E194F00039F90 /* ViewMessageVC.m */ = {isa = PBXFileReference; fileEncoding = 4; lastKnownFileType = sourcecode.c.objc; name = ViewMessageVC.m; path = GymBud/Controllers/ViewMessageVC.m; sourceTree = "<group>"; };
		B2C39D86197E194F00039F90 /* ViewMessageVC.xib */ = {isa = PBXFileReference; fileEncoding = 4; lastKnownFileType = file.xib; name = ViewMessageVC.xib; path = GymBud/Controllers/ViewMessageVC.xib; sourceTree = "<group>"; };
		B2C39D98197E197E00039F90 /* PAWPost.h */ = {isa = PBXFileReference; fileEncoding = 4; lastKnownFileType = sourcecode.c.h; name = PAWPost.h; path = GymBud/Models/PAWPost.h; sourceTree = "<group>"; };
		B2C39D99197E197E00039F90 /* PAWPost.m */ = {isa = PBXFileReference; fileEncoding = 4; lastKnownFileType = sourcecode.c.objc; name = PAWPost.m; path = GymBud/Models/PAWPost.m; sourceTree = "<group>"; };
		B2C39D9C197E19A900039F90 /* FacebookSDK.framework */ = {isa = PBXFileReference; lastKnownFileType = wrapper.framework; name = FacebookSDK.framework; path = GymBud/Frameworks/FacebookSDK.framework; sourceTree = "<group>"; };
		B2C39D9D197E19A900039F90 /* Parse.framework */ = {isa = PBXFileReference; lastKnownFileType = wrapper.framework; name = Parse.framework; path = GymBud/Frameworks/Parse.framework; sourceTree = "<group>"; };
		B2C39DA1197E1A7100039F90 /* UIKit.framework */ = {isa = PBXFileReference; lastKnownFileType = wrapper.framework; name = UIKit.framework; path = System/Library/Frameworks/UIKit.framework; sourceTree = SDKROOT; };
		B2C39DA3197E1A7C00039F90 /* QuartzCore.framework */ = {isa = PBXFileReference; lastKnownFileType = wrapper.framework; name = QuartzCore.framework; path = System/Library/Frameworks/QuartzCore.framework; sourceTree = SDKROOT; };
		B2C39DA5197E1A9000039F90 /* StoreKit.framework */ = {isa = PBXFileReference; lastKnownFileType = wrapper.framework; name = StoreKit.framework; path = System/Library/Frameworks/StoreKit.framework; sourceTree = SDKROOT; };
		B2C39DA7197E1A9B00039F90 /* CoreLocation.framework */ = {isa = PBXFileReference; lastKnownFileType = wrapper.framework; name = CoreLocation.framework; path = System/Library/Frameworks/CoreLocation.framework; sourceTree = SDKROOT; };
		B2C39DA9197E1AA500039F90 /* libz.dylib */ = {isa = PBXFileReference; lastKnownFileType = "compiled.mach-o.dylib"; name = libz.dylib; path = usr/lib/libz.dylib; sourceTree = SDKROOT; };
		B2C39DAB197E1AAE00039F90 /* AudioToolbox.framework */ = {isa = PBXFileReference; lastKnownFileType = wrapper.framework; name = AudioToolbox.framework; path = System/Library/Frameworks/AudioToolbox.framework; sourceTree = SDKROOT; };
		B2C39DAD197E1AB500039F90 /* CFNetwork.framework */ = {isa = PBXFileReference; lastKnownFileType = wrapper.framework; name = CFNetwork.framework; path = System/Library/Frameworks/CFNetwork.framework; sourceTree = SDKROOT; };
		B2C39DAF197E1ABE00039F90 /* Foundation.framework */ = {isa = PBXFileReference; lastKnownFileType = wrapper.framework; name = Foundation.framework; path = System/Library/Frameworks/Foundation.framework; sourceTree = SDKROOT; };
		B2C39DB1197E1AC900039F90 /* MobileCoreServices.framework */ = {isa = PBXFileReference; lastKnownFileType = wrapper.framework; name = MobileCoreServices.framework; path = System/Library/Frameworks/MobileCoreServices.framework; sourceTree = SDKROOT; };
		B2C39DB3197E1AD300039F90 /* Security.framework */ = {isa = PBXFileReference; lastKnownFileType = wrapper.framework; name = Security.framework; path = System/Library/Frameworks/Security.framework; sourceTree = SDKROOT; };
		B2C39DB5197E1ADB00039F90 /* SystemConfiguration.framework */ = {isa = PBXFileReference; lastKnownFileType = wrapper.framework; name = SystemConfiguration.framework; path = System/Library/Frameworks/SystemConfiguration.framework; sourceTree = SDKROOT; };
		B2C39DBA197E1B5D00039F90 /* Base */ = {isa = PBXFileReference; lastKnownFileType = file.storyboard; name = Base; path = GymBud/Base.lproj/Main.storyboard; sourceTree = "<group>"; };
		B2D0CAC4197E267D00B17D32 /* LoginViewController.xib */ = {isa = PBXFileReference; fileEncoding = 4; lastKnownFileType = file.xib; name = LoginViewController.xib; path = GymBud/Controllers/LoginViewController.xib; sourceTree = "<group>"; };
		B2D0CAC6197E272400B17D32 /* login-button-small-pressed.png */ = {isa = PBXFileReference; lastKnownFileType = image.png; name = "login-button-small-pressed.png"; path = "GymBud/Assets/login-button-small-pressed.png"; sourceTree = "<group>"; };
		B2D0CAC7197E272400B17D32 /* login-button-small-pressed@2x.png */ = {isa = PBXFileReference; lastKnownFileType = image.png; name = "login-button-small-pressed@2x.png"; path = "GymBud/Assets/login-button-small-pressed@2x.png"; sourceTree = "<group>"; };
		B2D0CAC8197E272400B17D32 /* login-button-small.png */ = {isa = PBXFileReference; lastKnownFileType = image.png; name = "login-button-small.png"; path = "GymBud/Assets/login-button-small.png"; sourceTree = "<group>"; };
		B2D0CAC9197E272400B17D32 /* login-button-small@2x.png */ = {isa = PBXFileReference; lastKnownFileType = image.png; name = "login-button-small@2x.png"; path = "GymBud/Assets/login-button-small@2x.png"; sourceTree = "<group>"; };
		B2D0CACE197E2BB700B17D32 /* FindUserTVC.h */ = {isa = PBXFileReference; fileEncoding = 4; lastKnownFileType = sourcecode.c.h; name = FindUserTVC.h; path = GymBud/Controllers/FindUserTVC.h; sourceTree = "<group>"; };
		B2D0CACF197E2BB700B17D32 /* FindUserTVC.m */ = {isa = PBXFileReference; fileEncoding = 4; lastKnownFileType = sourcecode.c.objc; name = FindUserTVC.m; path = GymBud/Controllers/FindUserTVC.m; sourceTree = "<group>"; };
		B2D0CAD7197E2EAE00B17D32 /* TableHeaderView.xib */ = {isa = PBXFileReference; fileEncoding = 4; lastKnownFileType = file.xib; name = TableHeaderView.xib; path = GymBud/Views/TableHeaderView.xib; sourceTree = "<group>"; };
		B2FCFBE719CAC15C0078C68D /* EPBasicInfoVC.h */ = {isa = PBXFileReference; fileEncoding = 4; lastKnownFileType = sourcecode.c.h; name = EPBasicInfoVC.h; path = GymBud/Controllers/EPBasicInfoVC.h; sourceTree = "<group>"; };
		B2FCFBE819CAC15C0078C68D /* EPBasicInfoVC.m */ = {isa = PBXFileReference; fileEncoding = 4; lastKnownFileType = sourcecode.c.objc; name = EPBasicInfoVC.m; path = GymBud/Controllers/EPBasicInfoVC.m; sourceTree = "<group>"; };
		E5F4F985088842DBBF422DE7 /* Pods-GymBud.xcconfig */ = {isa = PBXFileReference; includeInIndex = 1; lastKnownFileType = text.xcconfig; name = "Pods-GymBud.xcconfig"; path = "Pods/Pods-GymBud.xcconfig"; sourceTree = "<group>"; };
/* End PBXFileReference section */

/* Begin PBXFrameworksBuildPhase section */
		B2C39D2F197E172600039F90 /* Frameworks */ = {
			isa = PBXFrameworksBuildPhase;
			buildActionMask = 2147483647;
			files = (
				B2081ECC1A0D4E5A00D18F9B /* MessageUI.framework in Frameworks */,
				D6179B487D9E4DCAA95C19B3 /* libPods-GymBud.a in Frameworks */,
				B2C39DA2197E1A7100039F90 /* UIKit.framework in Frameworks */,
				B2C39DB6197E1ADB00039F90 /* SystemConfiguration.framework in Frameworks */,
				B2C39DB4197E1AD300039F90 /* Security.framework in Frameworks */,
				B2C39DB2197E1AC900039F90 /* MobileCoreServices.framework in Frameworks */,
				B2C39DB0197E1ABE00039F90 /* Foundation.framework in Frameworks */,
				B2C39DAE197E1AB500039F90 /* CFNetwork.framework in Frameworks */,
				B2C39DAC197E1AAE00039F90 /* AudioToolbox.framework in Frameworks */,
				B2C39DAA197E1AA500039F90 /* libz.dylib in Frameworks */,
				77FE647B198EF296008724CC /* Social.framework in Frameworks */,
				B2C39DA8197E1A9B00039F90 /* CoreLocation.framework in Frameworks */,
				B2C39DA6197E1A9000039F90 /* StoreKit.framework in Frameworks */,
				B2C39D9E197E19A900039F90 /* FacebookSDK.framework in Frameworks */,
				B2C39D9F197E19A900039F90 /* Parse.framework in Frameworks */,
				B2C39DA4197E1A7C00039F90 /* QuartzCore.framework in Frameworks */,
			);
			runOnlyForDeploymentPostprocessing = 0;
		};
		B2C39D45197E172600039F90 /* Frameworks */ = {
			isa = PBXFrameworksBuildPhase;
			buildActionMask = 2147483647;
			files = (
			);
			runOnlyForDeploymentPostprocessing = 0;
		};
/* End PBXFrameworksBuildPhase section */

/* Begin PBXGroup section */
		B2C39D29197E172600039F90 = {
			isa = PBXGroup;
			children = (
				B2C39D34197E172600039F90 /* GymBud */,
				B2C39D6D197E193000039F90 /* Assets */,
				B2C39D4B197E172600039F90 /* GymBudTests */,
				B2C39D33197E172600039F90 /* Products */,
				B2C39DA0197E19B300039F90 /* Frameworks */,
				E5F4F985088842DBBF422DE7 /* Pods-GymBud.xcconfig */,
			);
			sourceTree = "<group>";
		};
		B2C39D33197E172600039F90 /* Products */ = {
			isa = PBXGroup;
			children = (
				B2C39D32197E172600039F90 /* GymBud.app */,
				B2C39D48197E172600039F90 /* GymBudTests.xctest */,
			);
			name = Products;
			sourceTree = "<group>";
		};
		B2C39D34197E172600039F90 /* GymBud */ = {
			isa = PBXGroup;
			children = (
				B2C39DB9197E1B5D00039F90 /* Main.storyboard */,
				B2C39D39197E172600039F90 /* AppDelegate.h */,
				B2C39D3A197E172600039F90 /* AppDelegate.m */,
				B2C39D97197E197400039F90 /* Models */,
				B2C39D9B197E198500039F90 /* Views */,
				B2C39D96197E195800039F90 /* Controllers */,
				B2C39D42197E172600039F90 /* Images.xcassets */,
				B2C39D35197E172600039F90 /* Supporting Files */,
			);
			path = GymBud;
			sourceTree = "<group>";
		};
		B2C39D35197E172600039F90 /* Supporting Files */ = {
			isa = PBXGroup;
			children = (
				B2C39D36197E172600039F90 /* Info.plist */,
				B2C39D37197E172600039F90 /* main.m */,
			);
			name = "Supporting Files";
			sourceTree = "<group>";
		};
		B2C39D4B197E172600039F90 /* GymBudTests */ = {
			isa = PBXGroup;
			children = (
				B2C39D4E197E172600039F90 /* GymBudTests.m */,
				B2C39D4C197E172600039F90 /* Supporting Files */,
			);
			path = GymBudTests;
			sourceTree = "<group>";
		};
		B2C39D4C197E172600039F90 /* Supporting Files */ = {
			isa = PBXGroup;
			children = (
				B2C39D4D197E172600039F90 /* Info.plist */,
			);
			name = "Supporting Files";
			sourceTree = "<group>";
		};
		B2C39D6D197E193000039F90 /* Assets */ = {
			isa = PBXGroup;
			children = (
				B2B8DC3C19DB5CCD00BED65D /* othermap.png */,
				B2B8DC3D19DB5CCD00BED65D /* sportsmap.png */,
				B2B8DC3819DB361B00BED65D /* other.png */,
				B2B8DC3919DB361B00BED65D /* sports.png */,
				B2784DAB19B412B90042A188 /* legs.png */,
				B2784DAC19B412B90042A188 /* shoulders.png */,
				B2784DA119B412AB0042A188 /* abs.png */,
				B2784DA219B412AB0042A188 /* arms.png */,
				B2784DA319B412AB0042A188 /* back.png */,
				B2784DA419B412AB0042A188 /* body.png */,
				B2784DA519B412AB0042A188 /* chest.png */,
				B2784D8C19B18D010042A188 /* load1.png */,
				B2784D8D19B18D010042A188 /* load2.png */,
				B2784D8E19B18D010042A188 /* load3.png */,
				B2784D8F19B18D010042A188 /* load4.png */,
				B2784D9019B18D010042A188 /* load5.png */,
				B2784D9119B18D010042A188 /* load6.png */,
				B2784D9219B18D010042A188 /* load7.png */,
				B2784D9319B18D010042A188 /* load8.png */,
				B2784D9419B18D010042A188 /* load9.png */,
				B2784D8819B17AF00042A188 /* go.png */,
				B2784D8919B17AF00042A188 /* join.png */,
				B2784D8619B14F620042A188 /* loadingLogo.png */,
				B297745119864133000AD7B6 /* centeredGear.png */,
				B297745219864133000AD7B6 /* centeredInbox.png */,
				B297745319864133000AD7B6 /* centeredPeople.png */,
				B297744F198629A3000AD7B6 /* people.png */,
				B297744719861B9D000AD7B6 /* mapTableToggle1.png */,
				B297744819861B9D000AD7B6 /* mapTableToggle2.png */,
				B297743F1985F085000AD7B6 /* inbox.png */,
				B29774401985F085000AD7B6 /* mapTabBar.png */,
				B29774411985F085000AD7B6 /* menu.png */,
				B29774421985F085000AD7B6 /* settings.png */,
				B2977431198582A5000AD7B6 /* aerobicsIcon.png */,
				B2977432198582A5000AD7B6 /* basketballIcon.png */,
				B2977433198582A5000AD7B6 /* crossfitIcon.png */,
				B2977434198582A5000AD7B6 /* runningIcon.png */,
				B2977435198582A5000AD7B6 /* swimmingIcon.png */,
				B2977436198582A5000AD7B6 /* weightliftingIcon.png */,
				B2977437198582A5000AD7B6 /* yogaIcon.png */,
				B29774191984BF68000AD7B6 /* aerobicsMap.png */,
				B297741A1984BF68000AD7B6 /* basketballMap.png */,
				B297741B1984BF68000AD7B6 /* crossfitMap.png */,
				B297741C1984BF68000AD7B6 /* runningMap.png */,
				B297741D1984BF68000AD7B6 /* swimmingMap.png */,
				B297741E1984BF68000AD7B6 /* weightliftingMap.png */,
				B297741F1984BF68000AD7B6 /* yogaMap.png */,
				B297741719843EC9000AD7B6 /* sampleMapPin.png */,
				B297741319820C4C000AD7B6 /* mapView.png */,
				B297741419820C4C000AD7B6 /* tableView.png */,
				B2D0CAC6197E272400B17D32 /* login-button-small-pressed.png */,
				B2D0CAC7197E272400B17D32 /* login-button-small-pressed@2x.png */,
				B2D0CAC8197E272400B17D32 /* login-button-small.png */,
				B2D0CAC9197E272400B17D32 /* login-button-small@2x.png */,
				B2C39D5D197E191C00039F90 /* blueBubble.png */,
				B2C39D5E197E191C00039F90 /* blueBubble@2x.png */,
				B2C39D5F197E191C00039F90 /* grayBubble.png */,
				B2C39D60197E191C00039F90 /* grayBubble@2x.png */,
				B2C39D61197E191C00039F90 /* just_background.png */,
				B2C39D62197E191C00039F90 /* just_background@2x.png */,
				B2C39D63197E191C00039F90 /* Map.png */,
				B2C39D64197E191C00039F90 /* Map@2x.png */,
			);
			name = Assets;
			sourceTree = "<group>";
		};
		B2C39D96197E195800039F90 /* Controllers */ = {
			isa = PBXGroup;
			children = (
				B2C39D6E197E194F00039F90 /* EditProfile.storyboard */,
				B21086C31A16739E0057EC6A /* EPTVC.h */,
				B21086C41A16739E0057EC6A /* EPTVC.m */,
				B2FCFBE719CAC15C0078C68D /* EPBasicInfoVC.h */,
				B2FCFBE819CAC15C0078C68D /* EPBasicInfoVC.m */,
				B2C39D6F197E194F00039F90 /* EditProfileTVC.h */,
				B2C39D70197E194F00039F90 /* EditProfileTVC.m */,
				B2C39D71197E194F00039F90 /* EPInterestVC.h */,
				B2C39D72197E194F00039F90 /* EPInterestVC.m */,
				B2C39D73197E194F00039F90 /* LoginViewController.h */,
				B2C39D74197E194F00039F90 /* LoginViewController.m */,
				B2D0CAC4197E267D00B17D32 /* LoginViewController.xib */,
				B2C39D75197E194F00039F90 /* MessageInboxTVC.h */,
				B2C39D76197E194F00039F90 /* MessageInboxTVC.m */,
				B2B8DC4019DCA9A800BED65D /* GymBudConversationTVC.h */,
				B2B8DC4119DCA9A800BED65D /* GymBudConversationTVC.m */,
				B2C39D77197E194F00039F90 /* MessageUserVC.h */,
				B2C39D78197E194F00039F90 /* MessageUserVC.m */,
				B2C39D79197E194F00039F90 /* MessageUserVC.xib */,
				B2C39D7A197E194F00039F90 /* PAWWallPostCreateViewController.h */,
				B2C39D7B197E194F00039F90 /* PAWWallPostCreateViewController.m */,
				B2C39D7C197E194F00039F90 /* PAWWallPostCreateViewController.xib */,
				B29774271984C195000AD7B6 /* PostCreateTVC.h */,
				B29774281984C195000AD7B6 /* PostCreateTVC.m */,
				B297742E1984C34E000AD7B6 /* PCInterestTVC.h */,
				B297742F1984C34E000AD7B6 /* PCInterestTVC.m */,
				B2C39D7D197E194F00039F90 /* PAWWallPostsTableViewController.h */,
				B2C39D7E197E194F00039F90 /* PAWWallPostsTableViewController.m */,
				B27AF66E19B0417300FDBF0F /* GBJoinedEventsTVC.h */,
				B27AF66F19B0417300FDBF0F /* GBJoinedEventsTVC.m */,
				B2722DD719AD832900FEC2AF /* GymBudEventsTVC.h */,
				B2722DD819AD832900FEC2AF /* GymBudEventsTVC.m */,
				B2B8DC2B19D9208800BED65D /* GymBudTVC.h */,
				B2B8DC2C19D9208800BED65D /* GymBudTVC.m */,
				B2B8DC3319DB212300BED65D /* GymBudDetailsVC.h */,
				B2B8DC3419DB212300BED65D /* GymBudDetailsVC.m */,
				B2C39D7F197E194F00039F90 /* PAWWallViewController.h */,
				B2C39D80197E194F00039F90 /* PAWWallViewController.m */,
				B2C39D81197E194F00039F90 /* PAWWallViewController.xib */,
				B2C39D82197E194F00039F90 /* UserDetailsViewController.h */,
				B2C39D83197E194F00039F90 /* UserDetailsViewController.m */,
				B2C39D84197E194F00039F90 /* ViewMessageVC.h */,
				B2C39D85197E194F00039F90 /* ViewMessageVC.m */,
				B2C39D86197E194F00039F90 /* ViewMessageVC.xib */,
				B2D0CACE197E2BB700B17D32 /* FindUserTVC.h */,
				B2D0CACF197E2BB700B17D32 /* FindUserTVC.m */,
				B297740E1980D5EF000AD7B6 /* SettingsVC.h */,
				B297740F1980D5EF000AD7B6 /* SettingsVC.m */,
				B29774101980D5EF000AD7B6 /* SettingsVC.xib */,
				77F13145198EEE0000576708 /* RSDatePickerVC.h */,
				77F13146198EEE0000576708 /* RSDatePickerVC.m */,
				77FE647E198F4FE1008724CC /* GoActivityCVC.h */,
				77FE647F198F4FE1008724CC /* GoActivityCVC.m */,
				B2784D9E19B2B34E0042A188 /* GBBodyPartCVC.h */,
				B2784D9F19B2B34E0042A188 /* GBBodyPartCVC.m */,
				77FE648C1990545A008724CC /* GoActivityChosenVC.h */,
				77FE648D1990545A008724CC /* GoActivityChosenVC.m */,
				77FE648F1990A924008724CC /* GoActivityCreateEventVC.h */,
				77FE64901990A924008724CC /* GoActivityCreateEventVC.m */,
				B2011D1219C91C3500D65275 /* GBEventsFilterViewController.h */,
				B2011D1319C91C3500D65275 /* GBEventsFilterViewController.m */,
			);
			name = Controllers;
			path = ..;
			sourceTree = "<group>";
		};
		B2C39D97197E197400039F90 /* Models */ = {
			isa = PBXGroup;
			children = (
				77FE6484198F5D43008724CC /* GymBudConstants.h */,
				B2C39D98197E197E00039F90 /* PAWPost.h */,
				B2C39D99197E197E00039F90 /* PAWPost.m */,
				77FD41C31993EEF20017E8D5 /* GymBudEventModel.h */,
				77FD41C41993EEF20017E8D5 /* GymBudEventModel.m */,
				B27AF67119B0D00700FDBF0F /* NSDate+Utilities.h */,
				B27AF67219B0D00700FDBF0F /* NSDate+Utilities.m */,
			);
			name = Models;
			path = ..;
			sourceTree = "<group>";
		};
		B2C39D9B197E198500039F90 /* Views */ = {
			isa = PBXGroup;
			children = (
				B2D0CAD7197E2EAE00B17D32 /* TableHeaderView.xib */,
				B297742C1984C1BF000AD7B6 /* PostCreateTVC.storyboard */,
				77FE6482198F5D36008724CC /* GoActivity.storyboard */,
				B2722DDF19AD86F800FEC2AF /* GymBudEventsCell.h */,
				B2722DE019AD86F800FEC2AF /* GymBudEventsCell.m */,
				B2722DE119AD86F800FEC2AF /* GymBudEventsCell.xib */,
				77FE6485198F715C008724CC /* GoActivityCVCell.h */,
				77FE6486198F715C008724CC /* GoActivityCVCell.m */,
				77FE648A199051E8008724CC /* GoActivityCVCell.xib */,
				B2011D1019C8019300D65275 /* FilterStoryboard.storyboard */,
				B2B8DC2E19DA160A00BED65D /* GymBudBasicCell.h */,
				B2B8DC2F19DA160A00BED65D /* GymBudBasicCell.m */,
				B2B8DC3019DA160A00BED65D /* GymBudBasicCell.xib */,
				B2B8DC3619DB214B00BED65D /* GymBudHeaderView.xib */,
			);
			name = Views;
			path = ..;
			sourceTree = "<group>";
		};
		B2C39DA0197E19B300039F90 /* Frameworks */ = {
			isa = PBXGroup;
			children = (
				B2081ECB1A0D4E5A00D18F9B /* MessageUI.framework */,
				77FE647A198EF296008724CC /* Social.framework */,
				77F13143198EEDDD00576708 /* libPods-GymBud-RSDayFlow.a */,
				B2C39DB5197E1ADB00039F90 /* SystemConfiguration.framework */,
				B2C39DB3197E1AD300039F90 /* Security.framework */,
				B2C39DB1197E1AC900039F90 /* MobileCoreServices.framework */,
				B2C39DAF197E1ABE00039F90 /* Foundation.framework */,
				B2C39DAD197E1AB500039F90 /* CFNetwork.framework */,
				B2C39DAB197E1AAE00039F90 /* AudioToolbox.framework */,
				B2C39DA9197E1AA500039F90 /* libz.dylib */,
				B2C39DA7197E1A9B00039F90 /* CoreLocation.framework */,
				B2C39DA5197E1A9000039F90 /* StoreKit.framework */,
				B2C39DA3197E1A7C00039F90 /* QuartzCore.framework */,
				B2C39DA1197E1A7100039F90 /* UIKit.framework */,
				B2C39D9C197E19A900039F90 /* FacebookSDK.framework */,
				B2C39D9D197E19A900039F90 /* Parse.framework */,
				48EE337A63E5439BA42E30F1 /* libPods-GymBud.a */,
			);
			name = Frameworks;
			sourceTree = "<group>";
		};
/* End PBXGroup section */

/* Begin PBXNativeTarget section */
		B2C39D31197E172600039F90 /* GymBud */ = {
			isa = PBXNativeTarget;
			buildConfigurationList = B2C39D52197E172600039F90 /* Build configuration list for PBXNativeTarget "GymBud" */;
			buildPhases = (
				A56C540ABC91495D94309FAE /* Check Pods Manifest.lock */,
				B2C39D2E197E172600039F90 /* Sources */,
				B2C39D2F197E172600039F90 /* Frameworks */,
				B2C39D30197E172600039F90 /* Resources */,
				255C26B414AE4366820EC6DE /* Copy Pods Resources */,
			);
			buildRules = (
			);
			dependencies = (
			);
			name = GymBud;
			productName = GymBud;
			productReference = B2C39D32197E172600039F90 /* GymBud.app */;
			productType = "com.apple.product-type.application";
		};
		B2C39D47197E172600039F90 /* GymBudTests */ = {
			isa = PBXNativeTarget;
			buildConfigurationList = B2C39D55197E172600039F90 /* Build configuration list for PBXNativeTarget "GymBudTests" */;
			buildPhases = (
				B2C39D44197E172600039F90 /* Sources */,
				B2C39D45197E172600039F90 /* Frameworks */,
				B2C39D46197E172600039F90 /* Resources */,
			);
			buildRules = (
			);
			dependencies = (
				B2C39D4A197E172600039F90 /* PBXTargetDependency */,
			);
			name = GymBudTests;
			productName = GymBudTests;
			productReference = B2C39D48197E172600039F90 /* GymBudTests.xctest */;
			productType = "com.apple.product-type.bundle.unit-test";
		};
/* End PBXNativeTarget section */

/* Begin PBXProject section */
		B2C39D2A197E172600039F90 /* Project object */ = {
			isa = PBXProject;
			attributes = {
				LastUpgradeCheck = 0600;
				ORGANIZATIONNAME = GymBud;
				TargetAttributes = {
					B2C39D31197E172600039F90 = {
						CreatedOnToolsVersion = 6.0;
						DevelopmentTeam = M6Y34M2A35;
					};
					B2C39D47197E172600039F90 = {
						CreatedOnToolsVersion = 6.0;
						TestTargetID = B2C39D31197E172600039F90;
					};
				};
			};
			buildConfigurationList = B2C39D2D197E172600039F90 /* Build configuration list for PBXProject "GymBud" */;
			compatibilityVersion = "Xcode 3.2";
			developmentRegion = English;
			hasScannedForEncodings = 0;
			knownRegions = (
				en,
				Base,
			);
			mainGroup = B2C39D29197E172600039F90;
			productRefGroup = B2C39D33197E172600039F90 /* Products */;
			projectDirPath = "";
			projectRoot = "";
			targets = (
				B2C39D31197E172600039F90 /* GymBud */,
				B2C39D47197E172600039F90 /* GymBudTests */,
			);
		};
/* End PBXProject section */

/* Begin PBXResourcesBuildPhase section */
		B2C39D30197E172600039F90 /* Resources */ = {
			isa = PBXResourcesBuildPhase;
			buildActionMask = 2147483647;
			files = (
				B2B8DC3F19DB5CCD00BED65D /* sportsmap.png in Resources */,
				B297743E198582A5000AD7B6 /* yogaIcon.png in Resources */,
				B29774251984BF68000AD7B6 /* weightliftingMap.png in Resources */,
				B297741819843EC9000AD7B6 /* sampleMapPin.png in Resources */,
				B2784D9719B18D010042A188 /* load3.png in Resources */,
				77FE648B199051E8008724CC /* GoActivityCVCell.xib in Resources */,
				B2D0CAD8197E2EAE00B17D32 /* TableHeaderView.xib in Resources */,
				B2D0CAC5197E267D00B17D32 /* LoginViewController.xib in Resources */,
				B29774211984BF68000AD7B6 /* basketballMap.png in Resources */,
				B2784D9919B18D010042A188 /* load5.png in Resources */,
				B29774441985F085000AD7B6 /* mapTabBar.png in Resources */,
				B2C39D6B197E191C00039F90 /* Map.png in Resources */,
				B2784D8719B14F620042A188 /* loadingLogo.png in Resources */,
				B29774241984BF68000AD7B6 /* swimmingMap.png in Resources */,
				B2C39D67197E191C00039F90 /* grayBubble.png in Resources */,
				B2784D9619B18D010042A188 /* load2.png in Resources */,
				B297741519820C4C000AD7B6 /* mapView.png in Resources */,
				B2B8DC3219DA160A00BED65D /* GymBudBasicCell.xib in Resources */,
				B29774201984BF68000AD7B6 /* aerobicsMap.png in Resources */,
				B2784DAE19B412B90042A188 /* shoulders.png in Resources */,
				B2B8DC3E19DB5CCD00BED65D /* othermap.png in Resources */,
				B2C39D43197E172600039F90 /* Images.xcassets in Resources */,
				B29774231984BF68000AD7B6 /* runningMap.png in Resources */,
				B29774431985F085000AD7B6 /* inbox.png in Resources */,
				B2784D9C19B18D010042A188 /* load8.png in Resources */,
				B29774261984BF68000AD7B6 /* yogaMap.png in Resources */,
				B29774221984BF68000AD7B6 /* crossfitMap.png in Resources */,
				B2C39D92197E194F00039F90 /* PAWWallViewController.xib in Resources */,
				B2D0CACC197E272400B17D32 /* login-button-small.png in Resources */,
				B297743B198582A5000AD7B6 /* runningIcon.png in Resources */,
				B2D0CACD197E272400B17D32 /* login-button-small@2x.png in Resources */,
				B2C39D65197E191C00039F90 /* blueBubble.png in Resources */,
				B297744A19861B9D000AD7B6 /* mapTableToggle2.png in Resources */,
				B2784D9519B18D010042A188 /* load1.png in Resources */,
				B29774451985F085000AD7B6 /* menu.png in Resources */,
				B2011D1119C8019300D65275 /* FilterStoryboard.storyboard in Resources */,
				B2C39D95197E194F00039F90 /* ViewMessageVC.xib in Resources */,
				B2784D9B19B18D010042A188 /* load7.png in Resources */,
				B2784DAA19B412AB0042A188 /* chest.png in Resources */,
				B2784D8B19B17AF00042A188 /* join.png in Resources */,
				B297741619820C4C000AD7B6 /* tableView.png in Resources */,
				B297743C198582A5000AD7B6 /* swimmingIcon.png in Resources */,
				B2784DA819B412AB0042A188 /* back.png in Resources */,
				B2D0CACB197E272400B17D32 /* login-button-small-pressed@2x.png in Resources */,
				B297745419864133000AD7B6 /* centeredGear.png in Resources */,
				B2722DE319AD86F800FEC2AF /* GymBudEventsCell.xib in Resources */,
				B297743D198582A5000AD7B6 /* weightliftingIcon.png in Resources */,
				B2D0CACA197E272400B17D32 /* login-button-small-pressed.png in Resources */,
				77FE6483198F5D36008724CC /* GoActivity.storyboard in Resources */,
				B2B8DC3719DB214B00BED65D /* GymBudHeaderView.xib in Resources */,
				B2784DA619B412AB0042A188 /* abs.png in Resources */,
				B2784DA919B412AB0042A188 /* body.png in Resources */,
				B2B8DC3B19DB361B00BED65D /* sports.png in Resources */,
				B2784D8A19B17AF00042A188 /* go.png in Resources */,
				B2784DAD19B412B90042A188 /* legs.png in Resources */,
				B2977439198582A5000AD7B6 /* basketballIcon.png in Resources */,
				B297744919861B9D000AD7B6 /* mapTableToggle1.png in Resources */,
				B2B8DC3A19DB361B00BED65D /* other.png in Resources */,
				B2C39DBB197E1B5D00039F90 /* Main.storyboard in Resources */,
				B2C39D6A197E191C00039F90 /* just_background@2x.png in Resources */,
				B2C39D6C197E191C00039F90 /* Map@2x.png in Resources */,
				B29774121980D5EF000AD7B6 /* SettingsVC.xib in Resources */,
				B2977438198582A5000AD7B6 /* aerobicsIcon.png in Resources */,
				B2C39D87197E194F00039F90 /* EditProfile.storyboard in Resources */,
				B29774461985F085000AD7B6 /* settings.png in Resources */,
				B297745619864133000AD7B6 /* centeredPeople.png in Resources */,
				B297743A198582A5000AD7B6 /* crossfitIcon.png in Resources */,
				B297745519864133000AD7B6 /* centeredInbox.png in Resources */,
				B2784D9819B18D010042A188 /* load4.png in Resources */,
				B2977450198629A3000AD7B6 /* people.png in Resources */,
				B2784D9D19B18D010042A188 /* load9.png in Resources */,
				B2C39D8D197E194F00039F90 /* MessageUserVC.xib in Resources */,
				B2C39D69197E191C00039F90 /* just_background.png in Resources */,
				B297742D1984C1BF000AD7B6 /* PostCreateTVC.storyboard in Resources */,
				B2784D9A19B18D010042A188 /* load6.png in Resources */,
				B2C39D8F197E194F00039F90 /* PAWWallPostCreateViewController.xib in Resources */,
				B2C39D66197E191C00039F90 /* blueBubble@2x.png in Resources */,
				B2784DA719B412AB0042A188 /* arms.png in Resources */,
				B2C39D68197E191C00039F90 /* grayBubble@2x.png in Resources */,
			);
			runOnlyForDeploymentPostprocessing = 0;
		};
		B2C39D46197E172600039F90 /* Resources */ = {
			isa = PBXResourcesBuildPhase;
			buildActionMask = 2147483647;
			files = (
			);
			runOnlyForDeploymentPostprocessing = 0;
		};
/* End PBXResourcesBuildPhase section */

/* Begin PBXShellScriptBuildPhase section */
		255C26B414AE4366820EC6DE /* Copy Pods Resources */ = {
			isa = PBXShellScriptBuildPhase;
			buildActionMask = 2147483647;
			files = (
			);
			inputPaths = (
			);
			name = "Copy Pods Resources";
			outputPaths = (
			);
			runOnlyForDeploymentPostprocessing = 0;
			shellPath = /bin/sh;
			shellScript = "\"${SRCROOT}/Pods/Pods-GymBud-resources.sh\"\n";
			showEnvVarsInLog = 0;
		};
		A56C540ABC91495D94309FAE /* Check Pods Manifest.lock */ = {
			isa = PBXShellScriptBuildPhase;
			buildActionMask = 2147483647;
			files = (
			);
			inputPaths = (
			);
			name = "Check Pods Manifest.lock";
			outputPaths = (
			);
			runOnlyForDeploymentPostprocessing = 0;
			shellPath = /bin/sh;
			shellScript = "diff \"${PODS_ROOT}/../Podfile.lock\" \"${PODS_ROOT}/Manifest.lock\" > /dev/null\nif [[ $? != 0 ]] ; then\n    cat << EOM\nerror: The sandbox is not in sync with the Podfile.lock. Run 'pod install' or update your CocoaPods installation.\nEOM\n    exit 1\nfi\n";
			showEnvVarsInLog = 0;
		};
/* End PBXShellScriptBuildPhase section */

/* Begin PBXSourcesBuildPhase section */
		B2C39D2E197E172600039F90 /* Sources */ = {
			isa = PBXSourcesBuildPhase;
			buildActionMask = 2147483647;
			files = (
				77FD41C51993EEF20017E8D5 /* GymBudEventModel.m in Sources */,
				B2C39D8C197E194F00039F90 /* MessageUserVC.m in Sources */,
				77FE6487198F715C008724CC /* GoActivityCVCell.m in Sources */,
				B2B8DC2D19D9208800BED65D /* GymBudTVC.m in Sources */,
				B2B8DC4219DCA9A800BED65D /* GymBudConversationTVC.m in Sources */,
				77FE64911990A924008724CC /* GoActivityCreateEventVC.m in Sources */,
				B27AF67319B0D00700FDBF0F /* NSDate+Utilities.m in Sources */,
				B297742A1984C195000AD7B6 /* PostCreateTVC.m in Sources */,
				B2C39D88197E194F00039F90 /* EditProfileTVC.m in Sources */,
				B2C39D89197E194F00039F90 /* EPInterestVC.m in Sources */,
				B2C39D8B197E194F00039F90 /* MessageInboxTVC.m in Sources */,
				B2011D1419C91C3500D65275 /* GBEventsFilterViewController.m in Sources */,
				B27AF67019B0417300FDBF0F /* GBJoinedEventsTVC.m in Sources */,
				B2C39D3B197E172600039F90 /* AppDelegate.m in Sources */,
				B29774301984C34E000AD7B6 /* PCInterestTVC.m in Sources */,
				77FE648E1990545A008724CC /* GoActivityChosenVC.m in Sources */,
				B2C39D38197E172600039F90 /* main.m in Sources */,
				B2C39D8A197E194F00039F90 /* LoginViewController.m in Sources */,
				B2FCFBE919CAC15C0078C68D /* EPBasicInfoVC.m in Sources */,
				B2C39D8E197E194F00039F90 /* PAWWallPostCreateViewController.m in Sources */,
				B2722DD919AD832900FEC2AF /* GymBudEventsTVC.m in Sources */,
				B2C39D93197E194F00039F90 /* UserDetailsViewController.m in Sources */,
				77FE6480198F4FE1008724CC /* GoActivityCVC.m in Sources */,
				B2B8DC3119DA160A00BED65D /* GymBudBasicCell.m in Sources */,
				B2722DE219AD86F800FEC2AF /* GymBudEventsCell.m in Sources */,
				B2C39D90197E194F00039F90 /* PAWWallPostsTableViewController.m in Sources */,
				B2C39D91197E194F00039F90 /* PAWWallViewController.m in Sources */,
				77F13147198EEE0000576708 /* RSDatePickerVC.m in Sources */,
				B29774111980D5EF000AD7B6 /* SettingsVC.m in Sources */,
				B2784DA019B2B34E0042A188 /* GBBodyPartCVC.m in Sources */,
				B2C39D94197E194F00039F90 /* ViewMessageVC.m in Sources */,
				B2B8DC3519DB212300BED65D /* GymBudDetailsVC.m in Sources */,
				B2C39D9A197E197E00039F90 /* PAWPost.m in Sources */,
				B21086C51A16739E0057EC6A /* EPTVC.m in Sources */,
				B2D0CAD1197E2BB700B17D32 /* FindUserTVC.m in Sources */,
			);
			runOnlyForDeploymentPostprocessing = 0;
		};
		B2C39D44197E172600039F90 /* Sources */ = {
			isa = PBXSourcesBuildPhase;
			buildActionMask = 2147483647;
			files = (
				B2C39D4F197E172600039F90 /* GymBudTests.m in Sources */,
			);
			runOnlyForDeploymentPostprocessing = 0;
		};
/* End PBXSourcesBuildPhase section */

/* Begin PBXTargetDependency section */
		B2C39D4A197E172600039F90 /* PBXTargetDependency */ = {
			isa = PBXTargetDependency;
			target = B2C39D31197E172600039F90 /* GymBud */;
			targetProxy = B2C39D49197E172600039F90 /* PBXContainerItemProxy */;
		};
/* End PBXTargetDependency section */

/* Begin PBXVariantGroup section */
		B2C39DB9197E1B5D00039F90 /* Main.storyboard */ = {
			isa = PBXVariantGroup;
			children = (
				B2C39DBA197E1B5D00039F90 /* Base */,
			);
			name = Main.storyboard;
			path = ..;
			sourceTree = "<group>";
		};
/* End PBXVariantGroup section */

/* Begin XCBuildConfiguration section */
		B2C39D50197E172600039F90 /* Debug */ = {
			isa = XCBuildConfiguration;
			buildSettings = {
				ALWAYS_SEARCH_USER_PATHS = NO;
				CLANG_CXX_LANGUAGE_STANDARD = "gnu++0x";
				CLANG_CXX_LIBRARY = "libc++";
				CLANG_ENABLE_MODULES = YES;
				CLANG_ENABLE_OBJC_ARC = YES;
				CLANG_WARN_BOOL_CONVERSION = YES;
				CLANG_WARN_CONSTANT_CONVERSION = YES;
				CLANG_WARN_DIRECT_OBJC_ISA_USAGE = YES_ERROR;
				CLANG_WARN_EMPTY_BODY = YES;
				CLANG_WARN_ENUM_CONVERSION = YES;
				CLANG_WARN_INT_CONVERSION = YES;
				CLANG_WARN_OBJC_ROOT_CLASS = YES_ERROR;
				CLANG_WARN_UNREACHABLE_CODE = YES;
				CLANG_WARN__DUPLICATE_METHOD_MATCH = YES;
				"CODE_SIGN_IDENTITY[sdk=iphoneos*]" = "iPhone Developer";
				COPY_PHASE_STRIP = NO;
				ENABLE_STRICT_OBJC_MSGSEND = YES;
				GCC_C_LANGUAGE_STANDARD = gnu99;
				GCC_DYNAMIC_NO_PIC = NO;
				GCC_OPTIMIZATION_LEVEL = 0;
				GCC_PREPROCESSOR_DEFINITIONS = (
					"DEBUG=1",
					"$(inherited)",
				);
				GCC_SYMBOLS_PRIVATE_EXTERN = NO;
				GCC_WARN_64_TO_32_BIT_CONVERSION = YES;
				GCC_WARN_ABOUT_RETURN_TYPE = YES_ERROR;
				GCC_WARN_UNDECLARED_SELECTOR = YES;
				GCC_WARN_UNINITIALIZED_AUTOS = YES_AGGRESSIVE;
				GCC_WARN_UNUSED_FUNCTION = YES;
				GCC_WARN_UNUSED_VARIABLE = YES;
				IPHONEOS_DEPLOYMENT_TARGET = 8.0;
				MTL_ENABLE_DEBUG_INFO = YES;
				ONLY_ACTIVE_ARCH = YES;
				SDKROOT = iphoneos;
			};
			name = Debug;
		};
		B2C39D51197E172600039F90 /* Release */ = {
			isa = XCBuildConfiguration;
			buildSettings = {
				ALWAYS_SEARCH_USER_PATHS = NO;
				CLANG_CXX_LANGUAGE_STANDARD = "gnu++0x";
				CLANG_CXX_LIBRARY = "libc++";
				CLANG_ENABLE_MODULES = YES;
				CLANG_ENABLE_OBJC_ARC = YES;
				CLANG_WARN_BOOL_CONVERSION = YES;
				CLANG_WARN_CONSTANT_CONVERSION = YES;
				CLANG_WARN_DIRECT_OBJC_ISA_USAGE = YES_ERROR;
				CLANG_WARN_EMPTY_BODY = YES;
				CLANG_WARN_ENUM_CONVERSION = YES;
				CLANG_WARN_INT_CONVERSION = YES;
				CLANG_WARN_OBJC_ROOT_CLASS = YES_ERROR;
				CLANG_WARN_UNREACHABLE_CODE = YES;
				CLANG_WARN__DUPLICATE_METHOD_MATCH = YES;
				"CODE_SIGN_IDENTITY[sdk=iphoneos*]" = "iPhone Developer";
				COPY_PHASE_STRIP = YES;
				ENABLE_NS_ASSERTIONS = NO;
				ENABLE_STRICT_OBJC_MSGSEND = YES;
				GCC_C_LANGUAGE_STANDARD = gnu99;
				GCC_WARN_64_TO_32_BIT_CONVERSION = YES;
				GCC_WARN_ABOUT_RETURN_TYPE = YES_ERROR;
				GCC_WARN_UNDECLARED_SELECTOR = YES;
				GCC_WARN_UNINITIALIZED_AUTOS = YES_AGGRESSIVE;
				GCC_WARN_UNUSED_FUNCTION = YES;
				GCC_WARN_UNUSED_VARIABLE = YES;
				IPHONEOS_DEPLOYMENT_TARGET = 8.0;
				MTL_ENABLE_DEBUG_INFO = NO;
				SDKROOT = iphoneos;
				VALIDATE_PRODUCT = YES;
			};
			name = Release;
		};
		B2C39D53197E172600039F90 /* Debug */ = {
			isa = XCBuildConfiguration;
			baseConfigurationReference = E5F4F985088842DBBF422DE7 /* Pods-GymBud.xcconfig */;
			buildSettings = {
				ASSETCATALOG_COMPILER_APPICON_NAME = AppIcon;
				ASSETCATALOG_COMPILER_LAUNCHIMAGE_NAME = LaunchImage;
				CODE_SIGN_IDENTITY = "iPhone Developer";
				"CODE_SIGN_IDENTITY[sdk=iphoneos*]" = "iPhone Developer";
				FRAMEWORK_SEARCH_PATHS = (
					"$(inherited)",
					/Users/benjaminhendricks/Developer/GymBud/ios_gymbud_trunk,
					"$(PROJECT_DIR)/GymBud/Frameworks",
				);
				INFOPLIST_FILE = GymBud/Info.plist;
				IPHONEOS_DEPLOYMENT_TARGET = 7.0;
				LD_RUNPATH_SEARCH_PATHS = "$(inherited) @executable_path/Frameworks";
				LIBRARY_SEARCH_PATHS = (
					"$(inherited)",
					"$(PROJECT_DIR)/Pods/build/Debug-iphoneos",
				);
				PRODUCT_NAME = "$(TARGET_NAME)";
				PROVISIONING_PROFILE = "";
			};
			name = Debug;
		};
		B2C39D54197E172600039F90 /* Release */ = {
			isa = XCBuildConfiguration;
			baseConfigurationReference = E5F4F985088842DBBF422DE7 /* Pods-GymBud.xcconfig */;
			buildSettings = {
				ASSETCATALOG_COMPILER_APPICON_NAME = AppIcon;
				ASSETCATALOG_COMPILER_LAUNCHIMAGE_NAME = LaunchImage;
				CODE_SIGN_IDENTITY = "iPhone Developer";
				"CODE_SIGN_IDENTITY[sdk=iphoneos*]" = "iPhone Developer";
				FRAMEWORK_SEARCH_PATHS = (
					"$(inherited)",
					/Users/benjaminhendricks/Developer/GymBud/ios_gymbud_trunk,
					"$(PROJECT_DIR)/GymBud/Frameworks",
				);
				INFOPLIST_FILE = GymBud/Info.plist;
				IPHONEOS_DEPLOYMENT_TARGET = 7.0;
				LD_RUNPATH_SEARCH_PATHS = "$(inherited) @executable_path/Frameworks";
				LIBRARY_SEARCH_PATHS = (
					"$(inherited)",
					"$(PROJECT_DIR)/Pods/build/Debug-iphoneos",
				);
				PRODUCT_NAME = "$(TARGET_NAME)";
				PROVISIONING_PROFILE = "";
			};
			name = Release;
		};
		B2C39D56197E172600039F90 /* Debug */ = {
			isa = XCBuildConfiguration;
			buildSettings = {
				BUNDLE_LOADER = "$(BUILT_PRODUCTS_DIR)/GymBud.app/GymBud";
				FRAMEWORK_SEARCH_PATHS = (
					"$(SDKROOT)/Developer/Library/Frameworks",
					"$(inherited)",
				);
				GCC_PREPROCESSOR_DEFINITIONS = (
					"DEBUG=1",
					"$(inherited)",
				);
				INFOPLIST_FILE = GymBudTests/Info.plist;
				LD_RUNPATH_SEARCH_PATHS = "$(inherited) @executable_path/Frameworks @loader_path/Frameworks";
				PRODUCT_NAME = "$(TARGET_NAME)";
				TEST_HOST = "$(BUNDLE_LOADER)";
			};
			name = Debug;
		};
		B2C39D57197E172600039F90 /* Release */ = {
			isa = XCBuildConfiguration;
			buildSettings = {
				BUNDLE_LOADER = "$(BUILT_PRODUCTS_DIR)/GymBud.app/GymBud";
				FRAMEWORK_SEARCH_PATHS = (
					"$(SDKROOT)/Developer/Library/Frameworks",
					"$(inherited)",
				);
				INFOPLIST_FILE = GymBudTests/Info.plist;
				LD_RUNPATH_SEARCH_PATHS = "$(inherited) @executable_path/Frameworks @loader_path/Frameworks";
				PRODUCT_NAME = "$(TARGET_NAME)";
				TEST_HOST = "$(BUNDLE_LOADER)";
			};
			name = Release;
		};
/* End XCBuildConfiguration section */

/* Begin XCConfigurationList section */
		B2C39D2D197E172600039F90 /* Build configuration list for PBXProject "GymBud" */ = {
			isa = XCConfigurationList;
			buildConfigurations = (
				B2C39D50197E172600039F90 /* Debug */,
				B2C39D51197E172600039F90 /* Release */,
			);
			defaultConfigurationIsVisible = 0;
			defaultConfigurationName = Release;
		};
		B2C39D52197E172600039F90 /* Build configuration list for PBXNativeTarget "GymBud" */ = {
			isa = XCConfigurationList;
			buildConfigurations = (
				B2C39D53197E172600039F90 /* Debug */,
				B2C39D54197E172600039F90 /* Release */,
			);
			defaultConfigurationIsVisible = 0;
			defaultConfigurationName = Release;
		};
		B2C39D55197E172600039F90 /* Build configuration list for PBXNativeTarget "GymBudTests" */ = {
			isa = XCConfigurationList;
			buildConfigurations = (
				B2C39D56197E172600039F90 /* Debug */,
				B2C39D57197E172600039F90 /* Release */,
			);
			defaultConfigurationIsVisible = 0;
			defaultConfigurationName = Release;
		};
/* End XCConfigurationList section */
	};
	rootObject = B2C39D2A197E172600039F90 /* Project object */;
}
